<?xml version="1.0" encoding="utf-8"?>
<Project ToolsVersion="4.0" xmlns="http://schemas.microsoft.com/developer/msbuild/2003">
  <ItemGroup>
    <Filter Include="3rd">
      <UniqueIdentifier>{93995380-89BD-4b04-88EB-625FBE52EBFB}</UniqueIdentifier>
      <Extensions>h;hh;hpp;hxx;h++;hm;inl;inc;ipp;xsd</Extensions>
    </Filter>
    <Filter Include="3rd\ANGLE">
      <UniqueIdentifier>{f7011b3e-9f6b-4eaa-9f6e-dc08f256a039}</UniqueIdentifier>
    </Filter>
    <Filter Include="3rd\ANGLE\EGL">
      <UniqueIdentifier>{01226c50-88ea-432c-85b6-e224b58238ab}</UniqueIdentifier>
    </Filter>
    <Filter Include="3rd\ANGLE\GLES2">
      <UniqueIdentifier>{49b4cab9-f694-4264-a711-b4b7b8b42d03}</UniqueIdentifier>
    </Filter>
    <Filter Include="3rd\ANGLE\GLES3">
      <UniqueIdentifier>{965f821b-aff7-4c21-b64c-e0fe26aa725e}</UniqueIdentifier>
    </Filter>
    <Filter Include="3rd\ANGLE\KHR">
      <UniqueIdentifier>{84563bb9-f1ac-41d3-829e-c8f50b7752e4}</UniqueIdentifier>
    </Filter>
    <Filter Include="3rd\SDL3">
      <UniqueIdentifier>{50f79e95-edad-4208-885d-4bd688b3d2a6}</UniqueIdentifier>
    </Filter>
    <Filter Include="szbase">
      <UniqueIdentifier>{c140361d-7cf9-41e8-a42d-0b206e3b3b46}</UniqueIdentifier>
    </Filter>
    <Filter Include="szbase\ds">
      <UniqueIdentifier>{ba1e8f66-ac7a-43d7-84d1-4ce82605d1df}</UniqueIdentifier>
    </Filter>
    <Filter Include="szbase\gui">
      <UniqueIdentifier>{9a6e6298-0d0f-4d1e-af0d-565d3187437b}</UniqueIdentifier>
    </Filter>
    <Filter Include="szbase\test">
      <UniqueIdentifier>{bedc57c7-f138-44e4-aecc-6c8b502348e4}</UniqueIdentifier>
    </Filter>
    <Filter Include="szbase\time">
      <UniqueIdentifier>{f7ffae2e-e358-4479-9f2a-f2aa6ee9b9b2}</UniqueIdentifier>
    </Filter>
    <Filter Include="szbase\gui\widget">
      <UniqueIdentifier>{b1aa8468-6a71-4450-a817-84f63e1fc48f}</UniqueIdentifier>
    </Filter>
    <Filter Include="szbase\gui\layout">
      <UniqueIdentifier>{675d7ae7-a716-4e2f-83a0-d2b8dcbe30d9}</UniqueIdentifier>
    </Filter>
    <Filter Include="3rd\glm">
      <UniqueIdentifier>{1d360de3-734e-4f86-9aeb-6b16722c89e8}</UniqueIdentifier>
    </Filter>
    <Filter Include="3rd\glm\detail">
      <UniqueIdentifier>{7f255224-0ac1-493c-8ce3-79ff57cba14a}</UniqueIdentifier>
    </Filter>
    <Filter Include="3rd\glm\ext">
      <UniqueIdentifier>{53c714d5-d44b-485a-8879-7f7a5e303457}</UniqueIdentifier>
    </Filter>
    <Filter Include="3rd\glm\gtc">
      <UniqueIdentifier>{accf3bec-eeb8-462b-af6d-ab30e9e6cd8d}</UniqueIdentifier>
    </Filter>
    <Filter Include="3rd\glm\gtx">
      <UniqueIdentifier>{f59a2f7b-26c6-4536-add8-2644f06f7e41}</UniqueIdentifier>
    </Filter>
    <Filter Include="3rd\glm\simd">
      <UniqueIdentifier>{6fd2e406-dfc5-4f58-a789-153dbef60463}</UniqueIdentifier>
    </Filter>
    <Filter Include="szbase\utils">
      <UniqueIdentifier>{25da881b-0f59-428d-b23a-82cd0642acd0}</UniqueIdentifier>
    </Filter>
    <Filter Include="3rd\stb">
      <UniqueIdentifier>{c7de0b19-05e2-46cb-97be-1d82601dd3bd}</UniqueIdentifier>
    </Filter>
    <Filter Include="szbase\gui\gl">
      <UniqueIdentifier>{5aefe58c-2f8d-4b40-8b9b-83953b465339}</UniqueIdentifier>
    </Filter>
    <Filter Include="szbase\string">
      <UniqueIdentifier>{2a8e34a7-69f3-49ec-a16b-2bd8237fee89}</UniqueIdentifier>
    </Filter>
    <Filter Include="szbase\macro">
      <UniqueIdentifier>{58284f31-f758-4d3a-bbfd-374035dd81e5}</UniqueIdentifier>
    </Filter>
  </ItemGroup>
  <ItemGroup>
    <ClInclude Include="..\3rd\ANGLE\include\KHR\khrplatform.h">
      <Filter>3rd\ANGLE\KHR</Filter>
    </ClInclude>
    <ClInclude Include="..\3rd\ANGLE\include\EGL\egl.h">
      <Filter>3rd\ANGLE\EGL</Filter>
    </ClInclude>
    <ClInclude Include="..\3rd\ANGLE\include\EGL\eglext.h">
      <Filter>3rd\ANGLE\EGL</Filter>
    </ClInclude>
    <ClInclude Include="..\3rd\ANGLE\include\EGL\eglext_angle.h">
      <Filter>3rd\ANGLE\EGL</Filter>
    </ClInclude>
    <ClInclude Include="..\3rd\ANGLE\include\EGL\eglplatform.h">
      <Filter>3rd\ANGLE\EGL</Filter>
    </ClInclude>
    <ClInclude Include="..\3rd\ANGLE\include\GLES2\gl2.h">
      <Filter>3rd\ANGLE\GLES2</Filter>
    </ClInclude>
    <ClInclude Include="..\3rd\ANGLE\include\GLES2\gl2ext.h">
      <Filter>3rd\ANGLE\GLES2</Filter>
    </ClInclude>
    <ClInclude Include="..\3rd\ANGLE\include\GLES2\gl2ext_angle.h">
      <Filter>3rd\ANGLE\GLES2</Filter>
    </ClInclude>
    <ClInclude Include="..\3rd\ANGLE\include\GLES2\gl2platform.h">
      <Filter>3rd\ANGLE\GLES2</Filter>
    </ClInclude>
    <ClInclude Include="..\3rd\ANGLE\include\GLES3\gl3.h">
      <Filter>3rd\ANGLE\GLES3</Filter>
    </ClInclude>
    <ClInclude Include="..\3rd\ANGLE\include\GLES3\gl3platform.h">
      <Filter>3rd\ANGLE\GLES3</Filter>
    </ClInclude>
    <ClInclude Include="..\3rd\ANGLE\include\GLES3\gl31.h">
      <Filter>3rd\ANGLE\GLES3</Filter>
    </ClInclude>
    <ClInclude Include="..\3rd\ANGLE\include\GLES3\gl32.h">
      <Filter>3rd\ANGLE\GLES3</Filter>
    </ClInclude>
    <ClInclude Include="..\3rd\SDL3-3.2.24\include\SDL3\SDL.h">
      <Filter>3rd\SDL3</Filter>
    </ClInclude>
    <ClInclude Include="..\3rd\SDL3-3.2.24\include\SDL3\SDL_assert.h">
      <Filter>3rd\SDL3</Filter>
    </ClInclude>
    <ClInclude Include="..\3rd\SDL3-3.2.24\include\SDL3\SDL_asyncio.h">
      <Filter>3rd\SDL3</Filter>
    </ClInclude>
    <ClInclude Include="..\3rd\SDL3-3.2.24\include\SDL3\SDL_atomic.h">
      <Filter>3rd\SDL3</Filter>
    </ClInclude>
    <ClInclude Include="..\3rd\SDL3-3.2.24\include\SDL3\SDL_audio.h">
      <Filter>3rd\SDL3</Filter>
    </ClInclude>
    <ClInclude Include="..\3rd\SDL3-3.2.24\include\SDL3\SDL_begin_code.h">
      <Filter>3rd\SDL3</Filter>
    </ClInclude>
    <ClInclude Include="..\3rd\SDL3-3.2.24\include\SDL3\SDL_bits.h">
      <Filter>3rd\SDL3</Filter>
    </ClInclude>
    <ClInclude Include="..\3rd\SDL3-3.2.24\include\SDL3\SDL_blendmode.h">
      <Filter>3rd\SDL3</Filter>
    </ClInclude>
    <ClInclude Include="..\3rd\SDL3-3.2.24\include\SDL3\SDL_camera.h">
      <Filter>3rd\SDL3</Filter>
    </ClInclude>
    <ClInclude Include="..\3rd\SDL3-3.2.24\include\SDL3\SDL_clipboard.h">
      <Filter>3rd\SDL3</Filter>
    </ClInclude>
    <ClInclude Include="..\3rd\SDL3-3.2.24\include\SDL3\SDL_close_code.h">
      <Filter>3rd\SDL3</Filter>
    </ClInclude>
    <ClInclude Include="..\3rd\SDL3-3.2.24\include\SDL3\SDL_copying.h">
      <Filter>3rd\SDL3</Filter>
    </ClInclude>
    <ClInclude Include="..\3rd\SDL3-3.2.24\include\SDL3\SDL_cpuinfo.h">
      <Filter>3rd\SDL3</Filter>
    </ClInclude>
    <ClInclude Include="..\3rd\SDL3-3.2.24\include\SDL3\SDL_dialog.h">
      <Filter>3rd\SDL3</Filter>
    </ClInclude>
    <ClInclude Include="..\3rd\SDL3-3.2.24\include\SDL3\SDL_egl.h">
      <Filter>3rd\SDL3</Filter>
    </ClInclude>
    <ClInclude Include="..\3rd\SDL3-3.2.24\include\SDL3\SDL_endian.h">
      <Filter>3rd\SDL3</Filter>
    </ClInclude>
    <ClInclude Include="..\3rd\SDL3-3.2.24\include\SDL3\SDL_error.h">
      <Filter>3rd\SDL3</Filter>
    </ClInclude>
    <ClInclude Include="..\3rd\SDL3-3.2.24\include\SDL3\SDL_events.h">
      <Filter>3rd\SDL3</Filter>
    </ClInclude>
    <ClInclude Include="..\3rd\SDL3-3.2.24\include\SDL3\SDL_filesystem.h">
      <Filter>3rd\SDL3</Filter>
    </ClInclude>
    <ClInclude Include="..\3rd\SDL3-3.2.24\include\SDL3\SDL_gamepad.h">
      <Filter>3rd\SDL3</Filter>
    </ClInclude>
    <ClInclude Include="..\3rd\SDL3-3.2.24\include\SDL3\SDL_gpu.h">
      <Filter>3rd\SDL3</Filter>
    </ClInclude>
    <ClInclude Include="..\3rd\SDL3-3.2.24\include\SDL3\SDL_guid.h">
      <Filter>3rd\SDL3</Filter>
    </ClInclude>
    <ClInclude Include="..\3rd\SDL3-3.2.24\include\SDL3\SDL_haptic.h">
      <Filter>3rd\SDL3</Filter>
    </ClInclude>
    <ClInclude Include="..\3rd\SDL3-3.2.24\include\SDL3\SDL_hidapi.h">
      <Filter>3rd\SDL3</Filter>
    </ClInclude>
    <ClInclude Include="..\3rd\SDL3-3.2.24\include\SDL3\SDL_hints.h">
      <Filter>3rd\SDL3</Filter>
    </ClInclude>
    <ClInclude Include="..\3rd\SDL3-3.2.24\include\SDL3\SDL_init.h">
      <Filter>3rd\SDL3</Filter>
    </ClInclude>
    <ClInclude Include="..\3rd\SDL3-3.2.24\include\SDL3\SDL_intrin.h">
      <Filter>3rd\SDL3</Filter>
    </ClInclude>
    <ClInclude Include="..\3rd\SDL3-3.2.24\include\SDL3\SDL_iostream.h">
      <Filter>3rd\SDL3</Filter>
    </ClInclude>
    <ClInclude Include="..\3rd\SDL3-3.2.24\include\SDL3\SDL_joystick.h">
      <Filter>3rd\SDL3</Filter>
    </ClInclude>
    <ClInclude Include="..\3rd\SDL3-3.2.24\include\SDL3\SDL_keyboard.h">
      <Filter>3rd\SDL3</Filter>
    </ClInclude>
    <ClInclude Include="..\3rd\SDL3-3.2.24\include\SDL3\SDL_keycode.h">
      <Filter>3rd\SDL3</Filter>
    </ClInclude>
    <ClInclude Include="..\3rd\SDL3-3.2.24\include\SDL3\SDL_loadso.h">
      <Filter>3rd\SDL3</Filter>
    </ClInclude>
    <ClInclude Include="..\3rd\SDL3-3.2.24\include\SDL3\SDL_locale.h">
      <Filter>3rd\SDL3</Filter>
    </ClInclude>
    <ClInclude Include="..\3rd\SDL3-3.2.24\include\SDL3\SDL_log.h">
      <Filter>3rd\SDL3</Filter>
    </ClInclude>
    <ClInclude Include="..\3rd\SDL3-3.2.24\include\SDL3\SDL_main.h">
      <Filter>3rd\SDL3</Filter>
    </ClInclude>
    <ClInclude Include="..\3rd\SDL3-3.2.24\include\SDL3\SDL_main_impl.h">
      <Filter>3rd\SDL3</Filter>
    </ClInclude>
    <ClInclude Include="..\3rd\SDL3-3.2.24\include\SDL3\SDL_messagebox.h">
      <Filter>3rd\SDL3</Filter>
    </ClInclude>
    <ClInclude Include="..\3rd\SDL3-3.2.24\include\SDL3\SDL_metal.h">
      <Filter>3rd\SDL3</Filter>
    </ClInclude>
    <ClInclude Include="..\3rd\SDL3-3.2.24\include\SDL3\SDL_misc.h">
      <Filter>3rd\SDL3</Filter>
    </ClInclude>
    <ClInclude Include="..\3rd\SDL3-3.2.24\include\SDL3\SDL_mouse.h">
      <Filter>3rd\SDL3</Filter>
    </ClInclude>
    <ClInclude Include="..\3rd\SDL3-3.2.24\include\SDL3\SDL_mutex.h">
      <Filter>3rd\SDL3</Filter>
    </ClInclude>
    <ClInclude Include="..\3rd\SDL3-3.2.24\include\SDL3\SDL_oldnames.h">
      <Filter>3rd\SDL3</Filter>
    </ClInclude>
    <ClInclude Include="..\3rd\SDL3-3.2.24\include\SDL3\SDL_opengl.h">
      <Filter>3rd\SDL3</Filter>
    </ClInclude>
    <ClInclude Include="..\3rd\SDL3-3.2.24\include\SDL3\SDL_opengl_glext.h">
      <Filter>3rd\SDL3</Filter>
    </ClInclude>
    <ClInclude Include="..\3rd\SDL3-3.2.24\include\SDL3\SDL_opengles.h">
      <Filter>3rd\SDL3</Filter>
    </ClInclude>
    <ClInclude Include="..\3rd\SDL3-3.2.24\include\SDL3\SDL_opengles2.h">
      <Filter>3rd\SDL3</Filter>
    </ClInclude>
    <ClInclude Include="..\3rd\SDL3-3.2.24\include\SDL3\SDL_opengles2_gl2.h">
      <Filter>3rd\SDL3</Filter>
    </ClInclude>
    <ClInclude Include="..\3rd\SDL3-3.2.24\include\SDL3\SDL_opengles2_gl2ext.h">
      <Filter>3rd\SDL3</Filter>
    </ClInclude>
    <ClInclude Include="..\3rd\SDL3-3.2.24\include\SDL3\SDL_opengles2_gl2platform.h">
      <Filter>3rd\SDL3</Filter>
    </ClInclude>
    <ClInclude Include="..\3rd\SDL3-3.2.24\include\SDL3\SDL_opengles2_khrplatform.h">
      <Filter>3rd\SDL3</Filter>
    </ClInclude>
    <ClInclude Include="..\3rd\SDL3-3.2.24\include\SDL3\SDL_pen.h">
      <Filter>3rd\SDL3</Filter>
    </ClInclude>
    <ClInclude Include="..\3rd\SDL3-3.2.24\include\SDL3\SDL_pixels.h">
      <Filter>3rd\SDL3</Filter>
    </ClInclude>
    <ClInclude Include="..\3rd\SDL3-3.2.24\include\SDL3\SDL_platform.h">
      <Filter>3rd\SDL3</Filter>
    </ClInclude>
    <ClInclude Include="..\3rd\SDL3-3.2.24\include\SDL3\SDL_platform_defines.h">
      <Filter>3rd\SDL3</Filter>
    </ClInclude>
    <ClInclude Include="..\3rd\SDL3-3.2.24\include\SDL3\SDL_power.h">
      <Filter>3rd\SDL3</Filter>
    </ClInclude>
    <ClInclude Include="..\3rd\SDL3-3.2.24\include\SDL3\SDL_process.h">
      <Filter>3rd\SDL3</Filter>
    </ClInclude>
    <ClInclude Include="..\3rd\SDL3-3.2.24\include\SDL3\SDL_properties.h">
      <Filter>3rd\SDL3</Filter>
    </ClInclude>
    <ClInclude Include="..\3rd\SDL3-3.2.24\include\SDL3\SDL_rect.h">
      <Filter>3rd\SDL3</Filter>
    </ClInclude>
    <ClInclude Include="..\3rd\SDL3-3.2.24\include\SDL3\SDL_render.h">
      <Filter>3rd\SDL3</Filter>
    </ClInclude>
    <ClInclude Include="..\3rd\SDL3-3.2.24\include\SDL3\SDL_revision.h">
      <Filter>3rd\SDL3</Filter>
    </ClInclude>
    <ClInclude Include="..\3rd\SDL3-3.2.24\include\SDL3\SDL_scancode.h">
      <Filter>3rd\SDL3</Filter>
    </ClInclude>
    <ClInclude Include="..\3rd\SDL3-3.2.24\include\SDL3\SDL_sensor.h">
      <Filter>3rd\SDL3</Filter>
    </ClInclude>
    <ClInclude Include="..\3rd\SDL3-3.2.24\include\SDL3\SDL_stdinc.h">
      <Filter>3rd\SDL3</Filter>
    </ClInclude>
    <ClInclude Include="..\3rd\SDL3-3.2.24\include\SDL3\SDL_storage.h">
      <Filter>3rd\SDL3</Filter>
    </ClInclude>
    <ClInclude Include="..\3rd\SDL3-3.2.24\include\SDL3\SDL_surface.h">
      <Filter>3rd\SDL3</Filter>
    </ClInclude>
    <ClInclude Include="..\3rd\SDL3-3.2.24\include\SDL3\SDL_system.h">
      <Filter>3rd\SDL3</Filter>
    </ClInclude>
    <ClInclude Include="..\3rd\SDL3-3.2.24\include\SDL3\SDL_test.h">
      <Filter>3rd\SDL3</Filter>
    </ClInclude>
    <ClInclude Include="..\3rd\SDL3-3.2.24\include\SDL3\SDL_test_assert.h">
      <Filter>3rd\SDL3</Filter>
    </ClInclude>
    <ClInclude Include="..\3rd\SDL3-3.2.24\include\SDL3\SDL_test_common.h">
      <Filter>3rd\SDL3</Filter>
    </ClInclude>
    <ClInclude Include="..\3rd\SDL3-3.2.24\include\SDL3\SDL_test_compare.h">
      <Filter>3rd\SDL3</Filter>
    </ClInclude>
    <ClInclude Include="..\3rd\SDL3-3.2.24\include\SDL3\SDL_test_crc32.h">
      <Filter>3rd\SDL3</Filter>
    </ClInclude>
    <ClInclude Include="..\3rd\SDL3-3.2.24\include\SDL3\SDL_test_font.h">
      <Filter>3rd\SDL3</Filter>
    </ClInclude>
    <ClInclude Include="..\3rd\SDL3-3.2.24\include\SDL3\SDL_test_fuzzer.h">
      <Filter>3rd\SDL3</Filter>
    </ClInclude>
    <ClInclude Include="..\3rd\SDL3-3.2.24\include\SDL3\SDL_test_harness.h">
      <Filter>3rd\SDL3</Filter>
    </ClInclude>
    <ClInclude Include="..\3rd\SDL3-3.2.24\include\SDL3\SDL_test_log.h">
      <Filter>3rd\SDL3</Filter>
    </ClInclude>
    <ClInclude Include="..\3rd\SDL3-3.2.24\include\SDL3\SDL_test_md5.h">
      <Filter>3rd\SDL3</Filter>
    </ClInclude>
    <ClInclude Include="..\3rd\SDL3-3.2.24\include\SDL3\SDL_test_memory.h">
      <Filter>3rd\SDL3</Filter>
    </ClInclude>
    <ClInclude Include="..\3rd\SDL3-3.2.24\include\SDL3\SDL_thread.h">
      <Filter>3rd\SDL3</Filter>
    </ClInclude>
    <ClInclude Include="..\3rd\SDL3-3.2.24\include\SDL3\SDL_time.h">
      <Filter>3rd\SDL3</Filter>
    </ClInclude>
    <ClInclude Include="..\3rd\SDL3-3.2.24\include\SDL3\SDL_timer.h">
      <Filter>3rd\SDL3</Filter>
    </ClInclude>
    <ClInclude Include="..\3rd\SDL3-3.2.24\include\SDL3\SDL_touch.h">
      <Filter>3rd\SDL3</Filter>
    </ClInclude>
    <ClInclude Include="..\3rd\SDL3-3.2.24\include\SDL3\SDL_tray.h">
      <Filter>3rd\SDL3</Filter>
    </ClInclude>
    <ClInclude Include="..\3rd\SDL3-3.2.24\include\SDL3\SDL_version.h">
      <Filter>3rd\SDL3</Filter>
    </ClInclude>
    <ClInclude Include="..\3rd\SDL3-3.2.24\include\SDL3\SDL_video.h">
      <Filter>3rd\SDL3</Filter>
    </ClInclude>
    <ClInclude Include="..\3rd\SDL3-3.2.24\include\SDL3\SDL_vulkan.h">
      <Filter>3rd\SDL3</Filter>
    </ClInclude>
    <ClInclude Include="ds\Delegate.h">
      <Filter>szbase\ds</Filter>
    </ClInclude>
    <ClInclude Include="ds\EventBus.h">
      <Filter>szbase\ds</Filter>
    </ClInclude>
    <ClInclude Include="gui\EventTypes.h">
      <Filter>szbase\gui</Filter>
    </ClInclude>
    <ClInclude Include="gui\IRender.h">
      <Filter>szbase\gui</Filter>
    </ClInclude>
    <ClInclude Include="gui\IUIBase.h">
      <Filter>szbase\gui</Filter>
    </ClInclude>
    <ClInclude Include="gui\IUIManager.h">
      <Filter>szbase\gui</Filter>
    </ClInclude>
    <ClInclude Include="gui\SDLApp.h">
      <Filter>szbase\gui</Filter>
    </ClInclude>
    <ClInclude Include="gui\UIBase.h">
      <Filter>szbase\gui</Filter>
    </ClInclude>
    <ClInclude Include="gui\UIManager.h">
      <Filter>szbase\gui</Filter>
    </ClInclude>
    <ClInclude Include="test\TestFramework.h">
      <Filter>szbase\test</Filter>
    </ClInclude>
    <ClInclude Include="time\Timestamp.h">
      <Filter>szbase\time</Filter>
    </ClInclude>
    <ClInclude Include="gui\Common.h">
      <Filter>szbase\gui</Filter>
    </ClInclude>
    <ClInclude Include="gui\widget\UIButton.h">
      <Filter>szbase\gui\widget</Filter>
    </ClInclude>
    <ClInclude Include="gui\widget\UIFrame.h">
      <Filter>szbase\gui\widget</Filter>
    </ClInclude>
    <ClInclude Include="gui\layout\AnchorLayout.h">
      <Filter>szbase\gui\layout</Filter>
    </ClInclude>
    <ClInclude Include="gui\ILayout.h">
      <Filter>szbase\gui</Filter>
    </ClInclude>
    <ClInclude Include="..\3rd\glm-1.0.1-light\glm\detail\_features.hpp">
      <Filter>3rd\glm\detail</Filter>
    </ClInclude>
    <ClInclude Include="..\3rd\glm-1.0.1-light\glm\detail\_fixes.hpp">
      <Filter>3rd\glm\detail</Filter>
    </ClInclude>
    <ClInclude Include="..\3rd\glm-1.0.1-light\glm\detail\_noise.hpp">
      <Filter>3rd\glm\detail</Filter>
    </ClInclude>
    <ClInclude Include="..\3rd\glm-1.0.1-light\glm\detail\_swizzle.hpp">
      <Filter>3rd\glm\detail</Filter>
    </ClInclude>
    <ClInclude Include="..\3rd\glm-1.0.1-light\glm\detail\_swizzle_func.hpp">
      <Filter>3rd\glm\detail</Filter>
    </ClInclude>
    <ClInclude Include="..\3rd\glm-1.0.1-light\glm\detail\_vectorize.hpp">
      <Filter>3rd\glm\detail</Filter>
    </ClInclude>
    <ClInclude Include="..\3rd\glm-1.0.1-light\glm\detail\compute_common.hpp">
      <Filter>3rd\glm\detail</Filter>
    </ClInclude>
    <ClInclude Include="..\3rd\glm-1.0.1-light\glm\detail\compute_vector_decl.hpp">
      <Filter>3rd\glm\detail</Filter>
    </ClInclude>
    <ClInclude Include="..\3rd\glm-1.0.1-light\glm\detail\compute_vector_relational.hpp">
      <Filter>3rd\glm\detail</Filter>
    </ClInclude>
    <ClInclude Include="..\3rd\glm-1.0.1-light\glm\detail\qualifier.hpp">
      <Filter>3rd\glm\detail</Filter>
    </ClInclude>
    <ClInclude Include="..\3rd\glm-1.0.1-light\glm\detail\setup.hpp">
      <Filter>3rd\glm\detail</Filter>
    </ClInclude>
    <ClInclude Include="..\3rd\glm-1.0.1-light\glm\detail\type_float.hpp">
      <Filter>3rd\glm\detail</Filter>
    </ClInclude>
    <ClInclude Include="..\3rd\glm-1.0.1-light\glm\detail\type_half.hpp">
      <Filter>3rd\glm\detail</Filter>
    </ClInclude>
    <ClInclude Include="..\3rd\glm-1.0.1-light\glm\detail\type_mat2x2.hpp">
      <Filter>3rd\glm\detail</Filter>
    </ClInclude>
    <ClInclude Include="..\3rd\glm-1.0.1-light\glm\detail\type_mat2x3.hpp">
      <Filter>3rd\glm\detail</Filter>
    </ClInclude>
    <ClInclude Include="..\3rd\glm-1.0.1-light\glm\detail\type_mat2x4.hpp">
      <Filter>3rd\glm\detail</Filter>
    </ClInclude>
    <ClInclude Include="..\3rd\glm-1.0.1-light\glm\detail\type_mat3x2.hpp">
      <Filter>3rd\glm\detail</Filter>
    </ClInclude>
    <ClInclude Include="..\3rd\glm-1.0.1-light\glm\detail\type_mat3x3.hpp">
      <Filter>3rd\glm\detail</Filter>
    </ClInclude>
    <ClInclude Include="..\3rd\glm-1.0.1-light\glm\detail\type_mat3x4.hpp">
      <Filter>3rd\glm\detail</Filter>
    </ClInclude>
    <ClInclude Include="..\3rd\glm-1.0.1-light\glm\detail\type_mat4x2.hpp">
      <Filter>3rd\glm\detail</Filter>
    </ClInclude>
    <ClInclude Include="..\3rd\glm-1.0.1-light\glm\detail\type_mat4x3.hpp">
      <Filter>3rd\glm\detail</Filter>
    </ClInclude>
    <ClInclude Include="..\3rd\glm-1.0.1-light\glm\detail\type_mat4x4.hpp">
      <Filter>3rd\glm\detail</Filter>
    </ClInclude>
    <ClInclude Include="..\3rd\glm-1.0.1-light\glm\detail\type_quat.hpp">
      <Filter>3rd\glm\detail</Filter>
    </ClInclude>
    <ClInclude Include="..\3rd\glm-1.0.1-light\glm\detail\type_vec1.hpp">
      <Filter>3rd\glm\detail</Filter>
    </ClInclude>
    <ClInclude Include="..\3rd\glm-1.0.1-light\glm\detail\type_vec2.hpp">
      <Filter>3rd\glm\detail</Filter>
    </ClInclude>
    <ClInclude Include="..\3rd\glm-1.0.1-light\glm\detail\type_vec3.hpp">
      <Filter>3rd\glm\detail</Filter>
    </ClInclude>
    <ClInclude Include="..\3rd\glm-1.0.1-light\glm\detail\type_vec4.hpp">
      <Filter>3rd\glm\detail</Filter>
    </ClInclude>
    <ClInclude Include="..\3rd\glm-1.0.1-light\glm\ext\_matrix_vectorize.hpp">
      <Filter>3rd\glm\ext</Filter>
    </ClInclude>
    <ClInclude Include="..\3rd\glm-1.0.1-light\glm\ext\matrix_clip_space.hpp">
      <Filter>3rd\glm\ext</Filter>
    </ClInclude>
    <ClInclude Include="..\3rd\glm-1.0.1-light\glm\ext\matrix_common.hpp">
      <Filter>3rd\glm\ext</Filter>
    </ClInclude>
    <ClInclude Include="..\3rd\glm-1.0.1-light\glm\ext\matrix_double2x2.hpp">
      <Filter>3rd\glm\ext</Filter>
    </ClInclude>
    <ClInclude Include="..\3rd\glm-1.0.1-light\glm\ext\matrix_double2x2_precision.hpp">
      <Filter>3rd\glm\ext</Filter>
    </ClInclude>
    <ClInclude Include="..\3rd\glm-1.0.1-light\glm\ext\matrix_double2x3.hpp">
      <Filter>3rd\glm\ext</Filter>
    </ClInclude>
    <ClInclude Include="..\3rd\glm-1.0.1-light\glm\ext\matrix_double2x3_precision.hpp">
      <Filter>3rd\glm\ext</Filter>
    </ClInclude>
    <ClInclude Include="..\3rd\glm-1.0.1-light\glm\ext\matrix_double2x4.hpp">
      <Filter>3rd\glm\ext</Filter>
    </ClInclude>
    <ClInclude Include="..\3rd\glm-1.0.1-light\glm\ext\matrix_double2x4_precision.hpp">
      <Filter>3rd\glm\ext</Filter>
    </ClInclude>
    <ClInclude Include="..\3rd\glm-1.0.1-light\glm\ext\matrix_double3x2.hpp">
      <Filter>3rd\glm\ext</Filter>
    </ClInclude>
    <ClInclude Include="..\3rd\glm-1.0.1-light\glm\ext\matrix_double3x2_precision.hpp">
      <Filter>3rd\glm\ext</Filter>
    </ClInclude>
    <ClInclude Include="..\3rd\glm-1.0.1-light\glm\ext\matrix_double3x3.hpp">
      <Filter>3rd\glm\ext</Filter>
    </ClInclude>
    <ClInclude Include="..\3rd\glm-1.0.1-light\glm\ext\matrix_double3x3_precision.hpp">
      <Filter>3rd\glm\ext</Filter>
    </ClInclude>
    <ClInclude Include="..\3rd\glm-1.0.1-light\glm\ext\matrix_double3x4.hpp">
      <Filter>3rd\glm\ext</Filter>
    </ClInclude>
    <ClInclude Include="..\3rd\glm-1.0.1-light\glm\ext\matrix_double3x4_precision.hpp">
      <Filter>3rd\glm\ext</Filter>
    </ClInclude>
    <ClInclude Include="..\3rd\glm-1.0.1-light\glm\ext\matrix_double4x2.hpp">
      <Filter>3rd\glm\ext</Filter>
    </ClInclude>
    <ClInclude Include="..\3rd\glm-1.0.1-light\glm\ext\matrix_double4x2_precision.hpp">
      <Filter>3rd\glm\ext</Filter>
    </ClInclude>
    <ClInclude Include="..\3rd\glm-1.0.1-light\glm\ext\matrix_double4x3.hpp">
      <Filter>3rd\glm\ext</Filter>
    </ClInclude>
    <ClInclude Include="..\3rd\glm-1.0.1-light\glm\ext\matrix_double4x3_precision.hpp">
      <Filter>3rd\glm\ext</Filter>
    </ClInclude>
    <ClInclude Include="..\3rd\glm-1.0.1-light\glm\ext\matrix_double4x4.hpp">
      <Filter>3rd\glm\ext</Filter>
    </ClInclude>
    <ClInclude Include="..\3rd\glm-1.0.1-light\glm\ext\matrix_double4x4_precision.hpp">
      <Filter>3rd\glm\ext</Filter>
    </ClInclude>
    <ClInclude Include="..\3rd\glm-1.0.1-light\glm\ext\matrix_float2x2.hpp">
      <Filter>3rd\glm\ext</Filter>
    </ClInclude>
    <ClInclude Include="..\3rd\glm-1.0.1-light\glm\ext\matrix_float2x2_precision.hpp">
      <Filter>3rd\glm\ext</Filter>
    </ClInclude>
    <ClInclude Include="..\3rd\glm-1.0.1-light\glm\ext\matrix_float2x3.hpp">
      <Filter>3rd\glm\ext</Filter>
    </ClInclude>
    <ClInclude Include="..\3rd\glm-1.0.1-light\glm\ext\matrix_float2x3_precision.hpp">
      <Filter>3rd\glm\ext</Filter>
    </ClInclude>
    <ClInclude Include="..\3rd\glm-1.0.1-light\glm\ext\matrix_float2x4.hpp">
      <Filter>3rd\glm\ext</Filter>
    </ClInclude>
    <ClInclude Include="..\3rd\glm-1.0.1-light\glm\ext\matrix_float2x4_precision.hpp">
      <Filter>3rd\glm\ext</Filter>
    </ClInclude>
    <ClInclude Include="..\3rd\glm-1.0.1-light\glm\ext\matrix_float3x2.hpp">
      <Filter>3rd\glm\ext</Filter>
    </ClInclude>
    <ClInclude Include="..\3rd\glm-1.0.1-light\glm\ext\matrix_float3x2_precision.hpp">
      <Filter>3rd\glm\ext</Filter>
    </ClInclude>
    <ClInclude Include="..\3rd\glm-1.0.1-light\glm\ext\matrix_float3x3.hpp">
      <Filter>3rd\glm\ext</Filter>
    </ClInclude>
    <ClInclude Include="..\3rd\glm-1.0.1-light\glm\ext\matrix_float3x3_precision.hpp">
      <Filter>3rd\glm\ext</Filter>
    </ClInclude>
    <ClInclude Include="..\3rd\glm-1.0.1-light\glm\ext\matrix_float3x4.hpp">
      <Filter>3rd\glm\ext</Filter>
    </ClInclude>
    <ClInclude Include="..\3rd\glm-1.0.1-light\glm\ext\matrix_float3x4_precision.hpp">
      <Filter>3rd\glm\ext</Filter>
    </ClInclude>
    <ClInclude Include="..\3rd\glm-1.0.1-light\glm\ext\matrix_float4x2.hpp">
      <Filter>3rd\glm\ext</Filter>
    </ClInclude>
    <ClInclude Include="..\3rd\glm-1.0.1-light\glm\ext\matrix_float4x2_precision.hpp">
      <Filter>3rd\glm\ext</Filter>
    </ClInclude>
    <ClInclude Include="..\3rd\glm-1.0.1-light\glm\ext\matrix_float4x3.hpp">
      <Filter>3rd\glm\ext</Filter>
    </ClInclude>
    <ClInclude Include="..\3rd\glm-1.0.1-light\glm\ext\matrix_float4x3_precision.hpp">
      <Filter>3rd\glm\ext</Filter>
    </ClInclude>
    <ClInclude Include="..\3rd\glm-1.0.1-light\glm\ext\matrix_float4x4.hpp">
      <Filter>3rd\glm\ext</Filter>
    </ClInclude>
    <ClInclude Include="..\3rd\glm-1.0.1-light\glm\ext\matrix_float4x4_precision.hpp">
      <Filter>3rd\glm\ext</Filter>
    </ClInclude>
    <ClInclude Include="..\3rd\glm-1.0.1-light\glm\ext\matrix_int2x2.hpp">
      <Filter>3rd\glm\ext</Filter>
    </ClInclude>
    <ClInclude Include="..\3rd\glm-1.0.1-light\glm\ext\matrix_int2x2_sized.hpp">
      <Filter>3rd\glm\ext</Filter>
    </ClInclude>
    <ClInclude Include="..\3rd\glm-1.0.1-light\glm\ext\matrix_int2x3.hpp">
      <Filter>3rd\glm\ext</Filter>
    </ClInclude>
    <ClInclude Include="..\3rd\glm-1.0.1-light\glm\ext\matrix_int2x3_sized.hpp">
      <Filter>3rd\glm\ext</Filter>
    </ClInclude>
    <ClInclude Include="..\3rd\glm-1.0.1-light\glm\ext\matrix_int2x4.hpp">
      <Filter>3rd\glm\ext</Filter>
    </ClInclude>
    <ClInclude Include="..\3rd\glm-1.0.1-light\glm\ext\matrix_int2x4_sized.hpp">
      <Filter>3rd\glm\ext</Filter>
    </ClInclude>
    <ClInclude Include="..\3rd\glm-1.0.1-light\glm\ext\matrix_int3x2.hpp">
      <Filter>3rd\glm\ext</Filter>
    </ClInclude>
    <ClInclude Include="..\3rd\glm-1.0.1-light\glm\ext\matrix_int3x2_sized.hpp">
      <Filter>3rd\glm\ext</Filter>
    </ClInclude>
    <ClInclude Include="..\3rd\glm-1.0.1-light\glm\ext\matrix_int3x3.hpp">
      <Filter>3rd\glm\ext</Filter>
    </ClInclude>
    <ClInclude Include="..\3rd\glm-1.0.1-light\glm\ext\matrix_int3x3_sized.hpp">
      <Filter>3rd\glm\ext</Filter>
    </ClInclude>
    <ClInclude Include="..\3rd\glm-1.0.1-light\glm\ext\matrix_int3x4.hpp">
      <Filter>3rd\glm\ext</Filter>
    </ClInclude>
    <ClInclude Include="..\3rd\glm-1.0.1-light\glm\ext\matrix_int3x4_sized.hpp">
      <Filter>3rd\glm\ext</Filter>
    </ClInclude>
    <ClInclude Include="..\3rd\glm-1.0.1-light\glm\ext\matrix_int4x2.hpp">
      <Filter>3rd\glm\ext</Filter>
    </ClInclude>
    <ClInclude Include="..\3rd\glm-1.0.1-light\glm\ext\matrix_int4x2_sized.hpp">
      <Filter>3rd\glm\ext</Filter>
    </ClInclude>
    <ClInclude Include="..\3rd\glm-1.0.1-light\glm\ext\matrix_int4x3.hpp">
      <Filter>3rd\glm\ext</Filter>
    </ClInclude>
    <ClInclude Include="..\3rd\glm-1.0.1-light\glm\ext\matrix_int4x3_sized.hpp">
      <Filter>3rd\glm\ext</Filter>
    </ClInclude>
    <ClInclude Include="..\3rd\glm-1.0.1-light\glm\ext\matrix_int4x4.hpp">
      <Filter>3rd\glm\ext</Filter>
    </ClInclude>
    <ClInclude Include="..\3rd\glm-1.0.1-light\glm\ext\matrix_int4x4_sized.hpp">
      <Filter>3rd\glm\ext</Filter>
    </ClInclude>
    <ClInclude Include="..\3rd\glm-1.0.1-light\glm\ext\matrix_integer.hpp">
      <Filter>3rd\glm\ext</Filter>
    </ClInclude>
    <ClInclude Include="..\3rd\glm-1.0.1-light\glm\ext\matrix_projection.hpp">
      <Filter>3rd\glm\ext</Filter>
    </ClInclude>
    <ClInclude Include="..\3rd\glm-1.0.1-light\glm\ext\matrix_relational.hpp">
      <Filter>3rd\glm\ext</Filter>
    </ClInclude>
    <ClInclude Include="..\3rd\glm-1.0.1-light\glm\ext\matrix_transform.hpp">
      <Filter>3rd\glm\ext</Filter>
    </ClInclude>
    <ClInclude Include="..\3rd\glm-1.0.1-light\glm\ext\matrix_uint2x2.hpp">
      <Filter>3rd\glm\ext</Filter>
    </ClInclude>
    <ClInclude Include="..\3rd\glm-1.0.1-light\glm\ext\matrix_uint2x2_sized.hpp">
      <Filter>3rd\glm\ext</Filter>
    </ClInclude>
    <ClInclude Include="..\3rd\glm-1.0.1-light\glm\ext\matrix_uint2x3.hpp">
      <Filter>3rd\glm\ext</Filter>
    </ClInclude>
    <ClInclude Include="..\3rd\glm-1.0.1-light\glm\ext\matrix_uint2x3_sized.hpp">
      <Filter>3rd\glm\ext</Filter>
    </ClInclude>
    <ClInclude Include="..\3rd\glm-1.0.1-light\glm\ext\matrix_uint2x4.hpp">
      <Filter>3rd\glm\ext</Filter>
    </ClInclude>
    <ClInclude Include="..\3rd\glm-1.0.1-light\glm\ext\matrix_uint2x4_sized.hpp">
      <Filter>3rd\glm\ext</Filter>
    </ClInclude>
    <ClInclude Include="..\3rd\glm-1.0.1-light\glm\ext\matrix_uint3x2.hpp">
      <Filter>3rd\glm\ext</Filter>
    </ClInclude>
    <ClInclude Include="..\3rd\glm-1.0.1-light\glm\ext\matrix_uint3x2_sized.hpp">
      <Filter>3rd\glm\ext</Filter>
    </ClInclude>
    <ClInclude Include="..\3rd\glm-1.0.1-light\glm\ext\matrix_uint3x3.hpp">
      <Filter>3rd\glm\ext</Filter>
    </ClInclude>
    <ClInclude Include="..\3rd\glm-1.0.1-light\glm\ext\matrix_uint3x3_sized.hpp">
      <Filter>3rd\glm\ext</Filter>
    </ClInclude>
    <ClInclude Include="..\3rd\glm-1.0.1-light\glm\ext\matrix_uint3x4.hpp">
      <Filter>3rd\glm\ext</Filter>
    </ClInclude>
    <ClInclude Include="..\3rd\glm-1.0.1-light\glm\ext\matrix_uint3x4_sized.hpp">
      <Filter>3rd\glm\ext</Filter>
    </ClInclude>
    <ClInclude Include="..\3rd\glm-1.0.1-light\glm\ext\matrix_uint4x2.hpp">
      <Filter>3rd\glm\ext</Filter>
    </ClInclude>
    <ClInclude Include="..\3rd\glm-1.0.1-light\glm\ext\matrix_uint4x2_sized.hpp">
      <Filter>3rd\glm\ext</Filter>
    </ClInclude>
    <ClInclude Include="..\3rd\glm-1.0.1-light\glm\ext\matrix_uint4x3.hpp">
      <Filter>3rd\glm\ext</Filter>
    </ClInclude>
    <ClInclude Include="..\3rd\glm-1.0.1-light\glm\ext\matrix_uint4x3_sized.hpp">
      <Filter>3rd\glm\ext</Filter>
    </ClInclude>
    <ClInclude Include="..\3rd\glm-1.0.1-light\glm\ext\matrix_uint4x4.hpp">
      <Filter>3rd\glm\ext</Filter>
    </ClInclude>
    <ClInclude Include="..\3rd\glm-1.0.1-light\glm\ext\matrix_uint4x4_sized.hpp">
      <Filter>3rd\glm\ext</Filter>
    </ClInclude>
    <ClInclude Include="..\3rd\glm-1.0.1-light\glm\ext\quaternion_common.hpp">
      <Filter>3rd\glm\ext</Filter>
    </ClInclude>
    <ClInclude Include="..\3rd\glm-1.0.1-light\glm\ext\quaternion_double.hpp">
      <Filter>3rd\glm\ext</Filter>
    </ClInclude>
    <ClInclude Include="..\3rd\glm-1.0.1-light\glm\ext\quaternion_double_precision.hpp">
      <Filter>3rd\glm\ext</Filter>
    </ClInclude>
    <ClInclude Include="..\3rd\glm-1.0.1-light\glm\ext\quaternion_exponential.hpp">
      <Filter>3rd\glm\ext</Filter>
    </ClInclude>
    <ClInclude Include="..\3rd\glm-1.0.1-light\glm\ext\quaternion_float.hpp">
      <Filter>3rd\glm\ext</Filter>
    </ClInclude>
    <ClInclude Include="..\3rd\glm-1.0.1-light\glm\ext\quaternion_float_precision.hpp">
      <Filter>3rd\glm\ext</Filter>
    </ClInclude>
    <ClInclude Include="..\3rd\glm-1.0.1-light\glm\ext\quaternion_geometric.hpp">
      <Filter>3rd\glm\ext</Filter>
    </ClInclude>
    <ClInclude Include="..\3rd\glm-1.0.1-light\glm\ext\quaternion_relational.hpp">
      <Filter>3rd\glm\ext</Filter>
    </ClInclude>
    <ClInclude Include="..\3rd\glm-1.0.1-light\glm\ext\quaternion_transform.hpp">
      <Filter>3rd\glm\ext</Filter>
    </ClInclude>
    <ClInclude Include="..\3rd\glm-1.0.1-light\glm\ext\quaternion_trigonometric.hpp">
      <Filter>3rd\glm\ext</Filter>
    </ClInclude>
    <ClInclude Include="..\3rd\glm-1.0.1-light\glm\ext\scalar_common.hpp">
      <Filter>3rd\glm\ext</Filter>
    </ClInclude>
    <ClInclude Include="..\3rd\glm-1.0.1-light\glm\ext\scalar_constants.hpp">
      <Filter>3rd\glm\ext</Filter>
    </ClInclude>
    <ClInclude Include="..\3rd\glm-1.0.1-light\glm\ext\scalar_int_sized.hpp">
      <Filter>3rd\glm\ext</Filter>
    </ClInclude>
    <ClInclude Include="..\3rd\glm-1.0.1-light\glm\ext\scalar_integer.hpp">
      <Filter>3rd\glm\ext</Filter>
    </ClInclude>
    <ClInclude Include="..\3rd\glm-1.0.1-light\glm\ext\scalar_packing.hpp">
      <Filter>3rd\glm\ext</Filter>
    </ClInclude>
    <ClInclude Include="..\3rd\glm-1.0.1-light\glm\ext\scalar_reciprocal.hpp">
      <Filter>3rd\glm\ext</Filter>
    </ClInclude>
    <ClInclude Include="..\3rd\glm-1.0.1-light\glm\ext\scalar_relational.hpp">
      <Filter>3rd\glm\ext</Filter>
    </ClInclude>
    <ClInclude Include="..\3rd\glm-1.0.1-light\glm\ext\scalar_uint_sized.hpp">
      <Filter>3rd\glm\ext</Filter>
    </ClInclude>
    <ClInclude Include="..\3rd\glm-1.0.1-light\glm\ext\scalar_ulp.hpp">
      <Filter>3rd\glm\ext</Filter>
    </ClInclude>
    <ClInclude Include="..\3rd\glm-1.0.1-light\glm\ext\vector_bool1.hpp">
      <Filter>3rd\glm\ext</Filter>
    </ClInclude>
    <ClInclude Include="..\3rd\glm-1.0.1-light\glm\ext\vector_bool1_precision.hpp">
      <Filter>3rd\glm\ext</Filter>
    </ClInclude>
    <ClInclude Include="..\3rd\glm-1.0.1-light\glm\ext\vector_bool2.hpp">
      <Filter>3rd\glm\ext</Filter>
    </ClInclude>
    <ClInclude Include="..\3rd\glm-1.0.1-light\glm\ext\vector_bool2_precision.hpp">
      <Filter>3rd\glm\ext</Filter>
    </ClInclude>
    <ClInclude Include="..\3rd\glm-1.0.1-light\glm\ext\vector_bool3.hpp">
      <Filter>3rd\glm\ext</Filter>
    </ClInclude>
    <ClInclude Include="..\3rd\glm-1.0.1-light\glm\ext\vector_bool3_precision.hpp">
      <Filter>3rd\glm\ext</Filter>
    </ClInclude>
    <ClInclude Include="..\3rd\glm-1.0.1-light\glm\ext\vector_bool4.hpp">
      <Filter>3rd\glm\ext</Filter>
    </ClInclude>
    <ClInclude Include="..\3rd\glm-1.0.1-light\glm\ext\vector_bool4_precision.hpp">
      <Filter>3rd\glm\ext</Filter>
    </ClInclude>
    <ClInclude Include="..\3rd\glm-1.0.1-light\glm\ext\vector_common.hpp">
      <Filter>3rd\glm\ext</Filter>
    </ClInclude>
    <ClInclude Include="..\3rd\glm-1.0.1-light\glm\ext\vector_double1.hpp">
      <Filter>3rd\glm\ext</Filter>
    </ClInclude>
    <ClInclude Include="..\3rd\glm-1.0.1-light\glm\ext\vector_double1_precision.hpp">
      <Filter>3rd\glm\ext</Filter>
    </ClInclude>
    <ClInclude Include="..\3rd\glm-1.0.1-light\glm\ext\vector_double2.hpp">
      <Filter>3rd\glm\ext</Filter>
    </ClInclude>
    <ClInclude Include="..\3rd\glm-1.0.1-light\glm\ext\vector_double2_precision.hpp">
      <Filter>3rd\glm\ext</Filter>
    </ClInclude>
    <ClInclude Include="..\3rd\glm-1.0.1-light\glm\ext\vector_double3.hpp">
      <Filter>3rd\glm\ext</Filter>
    </ClInclude>
    <ClInclude Include="..\3rd\glm-1.0.1-light\glm\ext\vector_double3_precision.hpp">
      <Filter>3rd\glm\ext</Filter>
    </ClInclude>
    <ClInclude Include="..\3rd\glm-1.0.1-light\glm\ext\vector_double4.hpp">
      <Filter>3rd\glm\ext</Filter>
    </ClInclude>
    <ClInclude Include="..\3rd\glm-1.0.1-light\glm\ext\vector_double4_precision.hpp">
      <Filter>3rd\glm\ext</Filter>
    </ClInclude>
    <ClInclude Include="..\3rd\glm-1.0.1-light\glm\ext\vector_float1.hpp">
      <Filter>3rd\glm\ext</Filter>
    </ClInclude>
    <ClInclude Include="..\3rd\glm-1.0.1-light\glm\ext\vector_float1_precision.hpp">
      <Filter>3rd\glm\ext</Filter>
    </ClInclude>
    <ClInclude Include="..\3rd\glm-1.0.1-light\glm\ext\vector_float2.hpp">
      <Filter>3rd\glm\ext</Filter>
    </ClInclude>
    <ClInclude Include="..\3rd\glm-1.0.1-light\glm\ext\vector_float2_precision.hpp">
      <Filter>3rd\glm\ext</Filter>
    </ClInclude>
    <ClInclude Include="..\3rd\glm-1.0.1-light\glm\ext\vector_float3.hpp">
      <Filter>3rd\glm\ext</Filter>
    </ClInclude>
    <ClInclude Include="..\3rd\glm-1.0.1-light\glm\ext\vector_float3_precision.hpp">
      <Filter>3rd\glm\ext</Filter>
    </ClInclude>
    <ClInclude Include="..\3rd\glm-1.0.1-light\glm\ext\vector_float4.hpp">
      <Filter>3rd\glm\ext</Filter>
    </ClInclude>
    <ClInclude Include="..\3rd\glm-1.0.1-light\glm\ext\vector_float4_precision.hpp">
      <Filter>3rd\glm\ext</Filter>
    </ClInclude>
    <ClInclude Include="..\3rd\glm-1.0.1-light\glm\ext\vector_int1.hpp">
      <Filter>3rd\glm\ext</Filter>
    </ClInclude>
    <ClInclude Include="..\3rd\glm-1.0.1-light\glm\ext\vector_int1_sized.hpp">
      <Filter>3rd\glm\ext</Filter>
    </ClInclude>
    <ClInclude Include="..\3rd\glm-1.0.1-light\glm\ext\vector_int2.hpp">
      <Filter>3rd\glm\ext</Filter>
    </ClInclude>
    <ClInclude Include="..\3rd\glm-1.0.1-light\glm\ext\vector_int2_sized.hpp">
      <Filter>3rd\glm\ext</Filter>
    </ClInclude>
    <ClInclude Include="..\3rd\glm-1.0.1-light\glm\ext\vector_int3.hpp">
      <Filter>3rd\glm\ext</Filter>
    </ClInclude>
    <ClInclude Include="..\3rd\glm-1.0.1-light\glm\ext\vector_int3_sized.hpp">
      <Filter>3rd\glm\ext</Filter>
    </ClInclude>
    <ClInclude Include="..\3rd\glm-1.0.1-light\glm\ext\vector_int4.hpp">
      <Filter>3rd\glm\ext</Filter>
    </ClInclude>
    <ClInclude Include="..\3rd\glm-1.0.1-light\glm\ext\vector_int4_sized.hpp">
      <Filter>3rd\glm\ext</Filter>
    </ClInclude>
    <ClInclude Include="..\3rd\glm-1.0.1-light\glm\ext\vector_integer.hpp">
      <Filter>3rd\glm\ext</Filter>
    </ClInclude>
    <ClInclude Include="..\3rd\glm-1.0.1-light\glm\ext\vector_packing.hpp">
      <Filter>3rd\glm\ext</Filter>
    </ClInclude>
    <ClInclude Include="..\3rd\glm-1.0.1-light\glm\ext\vector_reciprocal.hpp">
      <Filter>3rd\glm\ext</Filter>
    </ClInclude>
    <ClInclude Include="..\3rd\glm-1.0.1-light\glm\ext\vector_relational.hpp">
      <Filter>3rd\glm\ext</Filter>
    </ClInclude>
    <ClInclude Include="..\3rd\glm-1.0.1-light\glm\ext\vector_uint1.hpp">
      <Filter>3rd\glm\ext</Filter>
    </ClInclude>
    <ClInclude Include="..\3rd\glm-1.0.1-light\glm\ext\vector_uint1_sized.hpp">
      <Filter>3rd\glm\ext</Filter>
    </ClInclude>
    <ClInclude Include="..\3rd\glm-1.0.1-light\glm\ext\vector_uint2.hpp">
      <Filter>3rd\glm\ext</Filter>
    </ClInclude>
    <ClInclude Include="..\3rd\glm-1.0.1-light\glm\ext\vector_uint2_sized.hpp">
      <Filter>3rd\glm\ext</Filter>
    </ClInclude>
    <ClInclude Include="..\3rd\glm-1.0.1-light\glm\ext\vector_uint3.hpp">
      <Filter>3rd\glm\ext</Filter>
    </ClInclude>
    <ClInclude Include="..\3rd\glm-1.0.1-light\glm\ext\vector_uint3_sized.hpp">
      <Filter>3rd\glm\ext</Filter>
    </ClInclude>
    <ClInclude Include="..\3rd\glm-1.0.1-light\glm\ext\vector_uint4.hpp">
      <Filter>3rd\glm\ext</Filter>
    </ClInclude>
    <ClInclude Include="..\3rd\glm-1.0.1-light\glm\ext\vector_uint4_sized.hpp">
      <Filter>3rd\glm\ext</Filter>
    </ClInclude>
    <ClInclude Include="..\3rd\glm-1.0.1-light\glm\ext\vector_ulp.hpp">
      <Filter>3rd\glm\ext</Filter>
    </ClInclude>
    <ClInclude Include="..\3rd\glm-1.0.1-light\glm\gtc\bitfield.hpp">
      <Filter>3rd\glm\gtc</Filter>
    </ClInclude>
    <ClInclude Include="..\3rd\glm-1.0.1-light\glm\gtc\color_space.hpp">
      <Filter>3rd\glm\gtc</Filter>
    </ClInclude>
    <ClInclude Include="..\3rd\glm-1.0.1-light\glm\gtc\constants.hpp">
      <Filter>3rd\glm\gtc</Filter>
    </ClInclude>
    <ClInclude Include="..\3rd\glm-1.0.1-light\glm\gtc\epsilon.hpp">
      <Filter>3rd\glm\gtc</Filter>
    </ClInclude>
    <ClInclude Include="..\3rd\glm-1.0.1-light\glm\gtc\integer.hpp">
      <Filter>3rd\glm\gtc</Filter>
    </ClInclude>
    <ClInclude Include="..\3rd\glm-1.0.1-light\glm\gtc\matrix_access.hpp">
      <Filter>3rd\glm\gtc</Filter>
    </ClInclude>
    <ClInclude Include="..\3rd\glm-1.0.1-light\glm\gtc\matrix_integer.hpp">
      <Filter>3rd\glm\gtc</Filter>
    </ClInclude>
    <ClInclude Include="..\3rd\glm-1.0.1-light\glm\gtc\matrix_inverse.hpp">
      <Filter>3rd\glm\gtc</Filter>
    </ClInclude>
    <ClInclude Include="..\3rd\glm-1.0.1-light\glm\gtc\matrix_transform.hpp">
      <Filter>3rd\glm\gtc</Filter>
    </ClInclude>
    <ClInclude Include="..\3rd\glm-1.0.1-light\glm\gtc\noise.hpp">
      <Filter>3rd\glm\gtc</Filter>
    </ClInclude>
    <ClInclude Include="..\3rd\glm-1.0.1-light\glm\gtc\packing.hpp">
      <Filter>3rd\glm\gtc</Filter>
    </ClInclude>
    <ClInclude Include="..\3rd\glm-1.0.1-light\glm\gtc\quaternion.hpp">
      <Filter>3rd\glm\gtc</Filter>
    </ClInclude>
    <ClInclude Include="..\3rd\glm-1.0.1-light\glm\gtc\random.hpp">
      <Filter>3rd\glm\gtc</Filter>
    </ClInclude>
    <ClInclude Include="..\3rd\glm-1.0.1-light\glm\gtc\reciprocal.hpp">
      <Filter>3rd\glm\gtc</Filter>
    </ClInclude>
    <ClInclude Include="..\3rd\glm-1.0.1-light\glm\gtc\round.hpp">
      <Filter>3rd\glm\gtc</Filter>
    </ClInclude>
    <ClInclude Include="..\3rd\glm-1.0.1-light\glm\gtc\type_aligned.hpp">
      <Filter>3rd\glm\gtc</Filter>
    </ClInclude>
    <ClInclude Include="..\3rd\glm-1.0.1-light\glm\gtc\type_precision.hpp">
      <Filter>3rd\glm\gtc</Filter>
    </ClInclude>
    <ClInclude Include="..\3rd\glm-1.0.1-light\glm\gtc\type_ptr.hpp">
      <Filter>3rd\glm\gtc</Filter>
    </ClInclude>
    <ClInclude Include="..\3rd\glm-1.0.1-light\glm\gtc\ulp.hpp">
      <Filter>3rd\glm\gtc</Filter>
    </ClInclude>
    <ClInclude Include="..\3rd\glm-1.0.1-light\glm\gtc\vec1.hpp">
      <Filter>3rd\glm\gtc</Filter>
    </ClInclude>
    <ClInclude Include="..\3rd\glm-1.0.1-light\glm\gtx\associated_min_max.hpp">
      <Filter>3rd\glm\gtx</Filter>
    </ClInclude>
    <ClInclude Include="..\3rd\glm-1.0.1-light\glm\gtx\bit.hpp">
      <Filter>3rd\glm\gtx</Filter>
    </ClInclude>
    <ClInclude Include="..\3rd\glm-1.0.1-light\glm\gtx\closest_point.hpp">
      <Filter>3rd\glm\gtx</Filter>
    </ClInclude>
    <ClInclude Include="..\3rd\glm-1.0.1-light\glm\gtx\color_encoding.hpp">
      <Filter>3rd\glm\gtx</Filter>
    </ClInclude>
    <ClInclude Include="..\3rd\glm-1.0.1-light\glm\gtx\color_space.hpp">
      <Filter>3rd\glm\gtx</Filter>
    </ClInclude>
    <ClInclude Include="..\3rd\glm-1.0.1-light\glm\gtx\color_space_YCoCg.hpp">
      <Filter>3rd\glm\gtx</Filter>
    </ClInclude>
    <ClInclude Include="..\3rd\glm-1.0.1-light\glm\gtx\common.hpp">
      <Filter>3rd\glm\gtx</Filter>
    </ClInclude>
    <ClInclude Include="..\3rd\glm-1.0.1-light\glm\gtx\compatibility.hpp">
      <Filter>3rd\glm\gtx</Filter>
    </ClInclude>
    <ClInclude Include="..\3rd\glm-1.0.1-light\glm\gtx\component_wise.hpp">
      <Filter>3rd\glm\gtx</Filter>
    </ClInclude>
    <ClInclude Include="..\3rd\glm-1.0.1-light\glm\gtx\dual_quaternion.hpp">
      <Filter>3rd\glm\gtx</Filter>
    </ClInclude>
    <ClInclude Include="..\3rd\glm-1.0.1-light\glm\gtx\easing.hpp">
      <Filter>3rd\glm\gtx</Filter>
    </ClInclude>
    <ClInclude Include="..\3rd\glm-1.0.1-light\glm\gtx\euler_angles.hpp">
      <Filter>3rd\glm\gtx</Filter>
    </ClInclude>
    <ClInclude Include="..\3rd\glm-1.0.1-light\glm\gtx\extend.hpp">
      <Filter>3rd\glm\gtx</Filter>
    </ClInclude>
    <ClInclude Include="..\3rd\glm-1.0.1-light\glm\gtx\extended_min_max.hpp">
      <Filter>3rd\glm\gtx</Filter>
    </ClInclude>
    <ClInclude Include="..\3rd\glm-1.0.1-light\glm\gtx\exterior_product.hpp">
      <Filter>3rd\glm\gtx</Filter>
    </ClInclude>
    <ClInclude Include="..\3rd\glm-1.0.1-light\glm\gtx\fast_exponential.hpp">
      <Filter>3rd\glm\gtx</Filter>
    </ClInclude>
    <ClInclude Include="..\3rd\glm-1.0.1-light\glm\gtx\fast_square_root.hpp">
      <Filter>3rd\glm\gtx</Filter>
    </ClInclude>
    <ClInclude Include="..\3rd\glm-1.0.1-light\glm\gtx\fast_trigonometry.hpp">
      <Filter>3rd\glm\gtx</Filter>
    </ClInclude>
    <ClInclude Include="..\3rd\glm-1.0.1-light\glm\gtx\functions.hpp">
      <Filter>3rd\glm\gtx</Filter>
    </ClInclude>
    <ClInclude Include="..\3rd\glm-1.0.1-light\glm\gtx\gradient_paint.hpp">
      <Filter>3rd\glm\gtx</Filter>
    </ClInclude>
    <ClInclude Include="..\3rd\glm-1.0.1-light\glm\gtx\handed_coordinate_space.hpp">
      <Filter>3rd\glm\gtx</Filter>
    </ClInclude>
    <ClInclude Include="..\3rd\glm-1.0.1-light\glm\gtx\hash.hpp">
      <Filter>3rd\glm\gtx</Filter>
    </ClInclude>
    <ClInclude Include="..\3rd\glm-1.0.1-light\glm\gtx\integer.hpp">
      <Filter>3rd\glm\gtx</Filter>
    </ClInclude>
    <ClInclude Include="..\3rd\glm-1.0.1-light\glm\gtx\intersect.hpp">
      <Filter>3rd\glm\gtx</Filter>
    </ClInclude>
    <ClInclude Include="..\3rd\glm-1.0.1-light\glm\gtx\io.hpp">
      <Filter>3rd\glm\gtx</Filter>
    </ClInclude>
    <ClInclude Include="..\3rd\glm-1.0.1-light\glm\gtx\log_base.hpp">
      <Filter>3rd\glm\gtx</Filter>
    </ClInclude>
    <ClInclude Include="..\3rd\glm-1.0.1-light\glm\gtx\matrix_cross_product.hpp">
      <Filter>3rd\glm\gtx</Filter>
    </ClInclude>
    <ClInclude Include="..\3rd\glm-1.0.1-light\glm\gtx\matrix_decompose.hpp">
      <Filter>3rd\glm\gtx</Filter>
    </ClInclude>
    <ClInclude Include="..\3rd\glm-1.0.1-light\glm\gtx\matrix_factorisation.hpp">
      <Filter>3rd\glm\gtx</Filter>
    </ClInclude>
    <ClInclude Include="..\3rd\glm-1.0.1-light\glm\gtx\matrix_interpolation.hpp">
      <Filter>3rd\glm\gtx</Filter>
    </ClInclude>
    <ClInclude Include="..\3rd\glm-1.0.1-light\glm\gtx\matrix_major_storage.hpp">
      <Filter>3rd\glm\gtx</Filter>
    </ClInclude>
    <ClInclude Include="..\3rd\glm-1.0.1-light\glm\gtx\matrix_operation.hpp">
      <Filter>3rd\glm\gtx</Filter>
    </ClInclude>
    <ClInclude Include="..\3rd\glm-1.0.1-light\glm\gtx\matrix_query.hpp">
      <Filter>3rd\glm\gtx</Filter>
    </ClInclude>
    <ClInclude Include="..\3rd\glm-1.0.1-light\glm\gtx\matrix_transform_2d.hpp">
      <Filter>3rd\glm\gtx</Filter>
    </ClInclude>
    <ClInclude Include="..\3rd\glm-1.0.1-light\glm\gtx\mixed_product.hpp">
      <Filter>3rd\glm\gtx</Filter>
    </ClInclude>
    <ClInclude Include="..\3rd\glm-1.0.1-light\glm\gtx\norm.hpp">
      <Filter>3rd\glm\gtx</Filter>
    </ClInclude>
    <ClInclude Include="..\3rd\glm-1.0.1-light\glm\gtx\normal.hpp">
      <Filter>3rd\glm\gtx</Filter>
    </ClInclude>
    <ClInclude Include="..\3rd\glm-1.0.1-light\glm\gtx\normalize_dot.hpp">
      <Filter>3rd\glm\gtx</Filter>
    </ClInclude>
    <ClInclude Include="..\3rd\glm-1.0.1-light\glm\gtx\number_precision.hpp">
      <Filter>3rd\glm\gtx</Filter>
    </ClInclude>
    <ClInclude Include="..\3rd\glm-1.0.1-light\glm\gtx\optimum_pow.hpp">
      <Filter>3rd\glm\gtx</Filter>
    </ClInclude>
    <ClInclude Include="..\3rd\glm-1.0.1-light\glm\gtx\orthonormalize.hpp">
      <Filter>3rd\glm\gtx</Filter>
    </ClInclude>
    <ClInclude Include="..\3rd\glm-1.0.1-light\glm\gtx\pca.hpp">
      <Filter>3rd\glm\gtx</Filter>
    </ClInclude>
    <ClInclude Include="..\3rd\glm-1.0.1-light\glm\gtx\perpendicular.hpp">
      <Filter>3rd\glm\gtx</Filter>
    </ClInclude>
    <ClInclude Include="..\3rd\glm-1.0.1-light\glm\gtx\polar_coordinates.hpp">
      <Filter>3rd\glm\gtx</Filter>
    </ClInclude>
    <ClInclude Include="..\3rd\glm-1.0.1-light\glm\gtx\projection.hpp">
      <Filter>3rd\glm\gtx</Filter>
    </ClInclude>
    <ClInclude Include="..\3rd\glm-1.0.1-light\glm\gtx\quaternion.hpp">
      <Filter>3rd\glm\gtx</Filter>
    </ClInclude>
    <ClInclude Include="..\3rd\glm-1.0.1-light\glm\gtx\range.hpp">
      <Filter>3rd\glm\gtx</Filter>
    </ClInclude>
    <ClInclude Include="..\3rd\glm-1.0.1-light\glm\gtx\raw_data.hpp">
      <Filter>3rd\glm\gtx</Filter>
    </ClInclude>
    <ClInclude Include="..\3rd\glm-1.0.1-light\glm\gtx\rotate_normalized_axis.hpp">
      <Filter>3rd\glm\gtx</Filter>
    </ClInclude>
    <ClInclude Include="..\3rd\glm-1.0.1-light\glm\gtx\rotate_vector.hpp">
      <Filter>3rd\glm\gtx</Filter>
    </ClInclude>
    <ClInclude Include="..\3rd\glm-1.0.1-light\glm\gtx\scalar_multiplication.hpp">
      <Filter>3rd\glm\gtx</Filter>
    </ClInclude>
    <ClInclude Include="..\3rd\glm-1.0.1-light\glm\gtx\scalar_relational.hpp">
      <Filter>3rd\glm\gtx</Filter>
    </ClInclude>
    <ClInclude Include="..\3rd\glm-1.0.1-light\glm\gtx\spline.hpp">
      <Filter>3rd\glm\gtx</Filter>
    </ClInclude>
    <ClInclude Include="..\3rd\glm-1.0.1-light\glm\gtx\std_based_type.hpp">
      <Filter>3rd\glm\gtx</Filter>
    </ClInclude>
    <ClInclude Include="..\3rd\glm-1.0.1-light\glm\gtx\string_cast.hpp">
      <Filter>3rd\glm\gtx</Filter>
    </ClInclude>
    <ClInclude Include="..\3rd\glm-1.0.1-light\glm\gtx\texture.hpp">
      <Filter>3rd\glm\gtx</Filter>
    </ClInclude>
    <ClInclude Include="..\3rd\glm-1.0.1-light\glm\gtx\transform.hpp">
      <Filter>3rd\glm\gtx</Filter>
    </ClInclude>
    <ClInclude Include="..\3rd\glm-1.0.1-light\glm\gtx\transform2.hpp">
      <Filter>3rd\glm\gtx</Filter>
    </ClInclude>
    <ClInclude Include="..\3rd\glm-1.0.1-light\glm\gtx\type_aligned.hpp">
      <Filter>3rd\glm\gtx</Filter>
    </ClInclude>
    <ClInclude Include="..\3rd\glm-1.0.1-light\glm\gtx\type_trait.hpp">
      <Filter>3rd\glm\gtx</Filter>
    </ClInclude>
    <ClInclude Include="..\3rd\glm-1.0.1-light\glm\gtx\vec_swizzle.hpp">
      <Filter>3rd\glm\gtx</Filter>
    </ClInclude>
    <ClInclude Include="..\3rd\glm-1.0.1-light\glm\gtx\vector_angle.hpp">
      <Filter>3rd\glm\gtx</Filter>
    </ClInclude>
    <ClInclude Include="..\3rd\glm-1.0.1-light\glm\gtx\vector_query.hpp">
      <Filter>3rd\glm\gtx</Filter>
    </ClInclude>
    <ClInclude Include="..\3rd\glm-1.0.1-light\glm\gtx\wrap.hpp">
      <Filter>3rd\glm\gtx</Filter>
    </ClInclude>
    <ClInclude Include="..\3rd\glm-1.0.1-light\glm\simd\common.h">
      <Filter>3rd\glm\simd</Filter>
    </ClInclude>
    <ClInclude Include="..\3rd\glm-1.0.1-light\glm\simd\exponential.h">
      <Filter>3rd\glm\simd</Filter>
    </ClInclude>
    <ClInclude Include="..\3rd\glm-1.0.1-light\glm\simd\geometric.h">
      <Filter>3rd\glm\simd</Filter>
    </ClInclude>
    <ClInclude Include="..\3rd\glm-1.0.1-light\glm\simd\integer.h">
      <Filter>3rd\glm\simd</Filter>
    </ClInclude>
    <ClInclude Include="..\3rd\glm-1.0.1-light\glm\simd\matrix.h">
      <Filter>3rd\glm\simd</Filter>
    </ClInclude>
    <ClInclude Include="..\3rd\glm-1.0.1-light\glm\simd\neon.h">
      <Filter>3rd\glm\simd</Filter>
    </ClInclude>
    <ClInclude Include="..\3rd\glm-1.0.1-light\glm\simd\packing.h">
      <Filter>3rd\glm\simd</Filter>
    </ClInclude>
    <ClInclude Include="..\3rd\glm-1.0.1-light\glm\simd\platform.h">
      <Filter>3rd\glm\simd</Filter>
    </ClInclude>
    <ClInclude Include="..\3rd\glm-1.0.1-light\glm\simd\trigonometric.h">
      <Filter>3rd\glm\simd</Filter>
    </ClInclude>
    <ClInclude Include="..\3rd\glm-1.0.1-light\glm\simd\vector_relational.h">
      <Filter>3rd\glm\simd</Filter>
    </ClInclude>
    <ClInclude Include="..\3rd\glm-1.0.1-light\glm\common.hpp">
      <Filter>3rd\glm</Filter>
    </ClInclude>
    <ClInclude Include="..\3rd\glm-1.0.1-light\glm\exponential.hpp">
      <Filter>3rd\glm</Filter>
    </ClInclude>
    <ClInclude Include="..\3rd\glm-1.0.1-light\glm\ext.hpp">
      <Filter>3rd\glm</Filter>
    </ClInclude>
    <ClInclude Include="..\3rd\glm-1.0.1-light\glm\fwd.hpp">
      <Filter>3rd\glm</Filter>
    </ClInclude>
    <ClInclude Include="..\3rd\glm-1.0.1-light\glm\geometric.hpp">
      <Filter>3rd\glm</Filter>
    </ClInclude>
    <ClInclude Include="..\3rd\glm-1.0.1-light\glm\glm.hpp">
      <Filter>3rd\glm</Filter>
    </ClInclude>
    <ClInclude Include="..\3rd\glm-1.0.1-light\glm\integer.hpp">
      <Filter>3rd\glm</Filter>
    </ClInclude>
    <ClInclude Include="..\3rd\glm-1.0.1-light\glm\mat2x2.hpp">
      <Filter>3rd\glm</Filter>
    </ClInclude>
    <ClInclude Include="..\3rd\glm-1.0.1-light\glm\mat2x3.hpp">
      <Filter>3rd\glm</Filter>
    </ClInclude>
    <ClInclude Include="..\3rd\glm-1.0.1-light\glm\mat2x4.hpp">
      <Filter>3rd\glm</Filter>
    </ClInclude>
    <ClInclude Include="..\3rd\glm-1.0.1-light\glm\mat3x2.hpp">
      <Filter>3rd\glm</Filter>
    </ClInclude>
    <ClInclude Include="..\3rd\glm-1.0.1-light\glm\mat3x3.hpp">
      <Filter>3rd\glm</Filter>
    </ClInclude>
    <ClInclude Include="..\3rd\glm-1.0.1-light\glm\mat3x4.hpp">
      <Filter>3rd\glm</Filter>
    </ClInclude>
    <ClInclude Include="..\3rd\glm-1.0.1-light\glm\mat4x2.hpp">
      <Filter>3rd\glm</Filter>
    </ClInclude>
    <ClInclude Include="..\3rd\glm-1.0.1-light\glm\mat4x3.hpp">
      <Filter>3rd\glm</Filter>
    </ClInclude>
    <ClInclude Include="..\3rd\glm-1.0.1-light\glm\mat4x4.hpp">
      <Filter>3rd\glm</Filter>
    </ClInclude>
    <ClInclude Include="..\3rd\glm-1.0.1-light\glm\matrix.hpp">
      <Filter>3rd\glm</Filter>
    </ClInclude>
    <ClInclude Include="..\3rd\glm-1.0.1-light\glm\packing.hpp">
      <Filter>3rd\glm</Filter>
    </ClInclude>
    <ClInclude Include="..\3rd\glm-1.0.1-light\glm\trigonometric.hpp">
      <Filter>3rd\glm</Filter>
    </ClInclude>
    <ClInclude Include="..\3rd\glm-1.0.1-light\glm\vec2.hpp">
      <Filter>3rd\glm</Filter>
    </ClInclude>
    <ClInclude Include="..\3rd\glm-1.0.1-light\glm\vec3.hpp">
      <Filter>3rd\glm</Filter>
    </ClInclude>
    <ClInclude Include="..\3rd\glm-1.0.1-light\glm\vec4.hpp">
      <Filter>3rd\glm</Filter>
    </ClInclude>
    <ClInclude Include="..\3rd\glm-1.0.1-light\glm\vector_relational.hpp">
      <Filter>3rd\glm</Filter>
    </ClInclude>
    <ClInclude Include="utils\BitwiseEnum.h">
      <Filter>szbase\utils</Filter>
    </ClInclude>
    <ClInclude Include="ds\Math.h">
      <Filter>szbase\ds</Filter>
    </ClInclude>
    <ClInclude Include="..\3rd\stb\stb_image.h">
      <Filter>3rd\stb</Filter>
    </ClInclude>
    <ClInclude Include="gui\gl\GLContext.h">
      <Filter>szbase\gui\gl</Filter>
    </ClInclude>
    <ClInclude Include="gui\gl\Camera.h">
      <Filter>szbase\gui\gl</Filter>
    </ClInclude>
    <ClInclude Include="gui\gl\Geometry.h">
      <Filter>szbase\gui\gl</Filter>
    </ClInclude>
    <ClInclude Include="gui\gl\OrthographicCamera.h">
      <Filter>szbase\gui\gl</Filter>
    </ClInclude>
    <ClInclude Include="gui\gl\Shader.h">
      <Filter>szbase\gui\gl</Filter>
    </ClInclude>
    <ClInclude Include="gui\gl\Texture.h">
      <Filter>szbase\gui\gl</Filter>
    </ClInclude>
    <ClInclude Include="gui\gl\CheckRstErr.h">
      <Filter>szbase\gui\gl</Filter>
    </ClInclude>
    <ClInclude Include="gui\gl\RenderItem.h">
      <Filter>szbase\gui\gl</Filter>
    </ClInclude>
    <ClInclude Include="gui\gl\ShaderDefine.h">
      <Filter>szbase\gui\gl</Filter>
    </ClInclude>
    <ClInclude Include="gui\InputControl.h">
      <Filter>szbase\gui</Filter>
    </ClInclude>
    <ClInclude Include="..\3rd\stb-2.30\stb\stb_truetype.h">
      <Filter>3rd\stb</Filter>
    </ClInclude>
    <ClInclude Include="string\String.h">
      <Filter>szbase\string</Filter>
    </ClInclude>
    <ClInclude Include="gui\gl\TextureArray.h">
      <Filter>szbase\gui\gl</Filter>
    </ClInclude>
    <ClInclude Include="macro\Macro.h">
      <Filter>szbase\macro</Filter>
    </ClInclude>
  </ItemGroup>
  <ItemGroup>
    <ClCompile Include="gui\SDLApp.cpp">
      <Filter>szbase\gui</Filter>
    </ClCompile>
    <ClCompile Include="gui\UIBase.cpp">
      <Filter>szbase\gui</Filter>
    </ClCompile>
    <ClCompile Include="gui\UIManager.cpp">
      <Filter>szbase\gui</Filter>
    </ClCompile>
    <ClCompile Include="time\Timestamp.cpp">
      <Filter>szbase\time</Filter>
    </ClCompile>
    <ClCompile Include="test.cpp" />
    <ClCompile Include="gui\widget\UIButton.cpp">
      <Filter>szbase\gui\widget</Filter>
    </ClCompile>
    <ClCompile Include="gui\widget\UIFrame.cpp">
      <Filter>szbase\gui\widget</Filter>
    </ClCompile>
    <ClCompile Include="gui\layout\AnchorLayout.cpp">
      <Filter>szbase\gui\layout</Filter>
    </ClCompile>
    <ClCompile Include="..\3rd\glm-1.0.1-light\glm\detail\glm.cpp">
      <Filter>3rd\glm\detail</Filter>
    </ClCompile>
    <ClCompile Include="..\3rd\glm-1.0.1-light\glm\glm.cppm">
      <Filter>3rd\glm</Filter>
    </ClCompile>
    <ClCompile Include="gui\gl\GLContext.cpp">
      <Filter>szbase\gui\gl</Filter>
    </ClCompile>
    <ClCompile Include="gui\gl\Camera.cpp">
      <Filter>szbase\gui\gl</Filter>
    </ClCompile>
    <ClCompile Include="gui\gl\Geometry.cpp">
      <Filter>szbase\gui\gl</Filter>
    </ClCompile>
    <ClCompile Include="gui\gl\OrthographicCamera.cpp">
      <Filter>szbase\gui\gl</Filter>
    </ClCompile>
    <ClCompile Include="gui\gl\Shader.cpp">
      <Filter>szbase\gui\gl</Filter>
    </ClCompile>
    <ClCompile Include="gui\gl\Texture.cpp">
      <Filter>szbase\gui\gl</Filter>
    </ClCompile>
    <ClCompile Include="gui\InputControl.cpp">
      <Filter>szbase\gui</Filter>
    </ClCompile>
    <ClCompile Include="string\String.cpp">
      <Filter>szbase\string</Filter>
    </ClCompile>
    <ClCompile Include="gui\gl\TextureArray.cpp">
      <Filter>szbase\gui\gl</Filter>
    </ClCompile>
  </ItemGroup>
  <ItemGroup>
    <None Include="..\3rd\glm-1.0.1-light\glm\detail\func_common.inl">
      <Filter>3rd\glm\detail</Filter>
    </None>
    <None Include="..\3rd\glm-1.0.1-light\glm\detail\func_common_simd.inl">
      <Filter>3rd\glm\detail</Filter>
    </None>
    <None Include="..\3rd\glm-1.0.1-light\glm\detail\func_exponential.inl">
      <Filter>3rd\glm\detail</Filter>
    </None>
    <None Include="..\3rd\glm-1.0.1-light\glm\detail\func_exponential_simd.inl">
      <Filter>3rd\glm\detail</Filter>
    </None>
    <None Include="..\3rd\glm-1.0.1-light\glm\detail\func_geometric.inl">
      <Filter>3rd\glm\detail</Filter>
    </None>
    <None Include="..\3rd\glm-1.0.1-light\glm\detail\func_geometric_simd.inl">
      <Filter>3rd\glm\detail</Filter>
    </None>
    <None Include="..\3rd\glm-1.0.1-light\glm\detail\func_integer.inl">
      <Filter>3rd\glm\detail</Filter>
    </None>
    <None Include="..\3rd\glm-1.0.1-light\glm\detail\func_integer_simd.inl">
      <Filter>3rd\glm\detail</Filter>
    </None>
    <None Include="..\3rd\glm-1.0.1-light\glm\detail\func_matrix.inl">
      <Filter>3rd\glm\detail</Filter>
    </None>
    <None Include="..\3rd\glm-1.0.1-light\glm\detail\func_matrix_simd.inl">
      <Filter>3rd\glm\detail</Filter>
    </None>
    <None Include="..\3rd\glm-1.0.1-light\glm\detail\func_packing.inl">
      <Filter>3rd\glm\detail</Filter>
    </None>
    <None Include="..\3rd\glm-1.0.1-light\glm\detail\func_packing_simd.inl">
      <Filter>3rd\glm\detail</Filter>
    </None>
    <None Include="..\3rd\glm-1.0.1-light\glm\detail\func_trigonometric.inl">
      <Filter>3rd\glm\detail</Filter>
    </None>
    <None Include="..\3rd\glm-1.0.1-light\glm\detail\func_trigonometric_simd.inl">
      <Filter>3rd\glm\detail</Filter>
    </None>
    <None Include="..\3rd\glm-1.0.1-light\glm\detail\func_vector_relational.inl">
      <Filter>3rd\glm\detail</Filter>
    </None>
    <None Include="..\3rd\glm-1.0.1-light\glm\detail\func_vector_relational_simd.inl">
      <Filter>3rd\glm\detail</Filter>
    </None>
    <None Include="..\3rd\glm-1.0.1-light\glm\detail\type_half.inl">
      <Filter>3rd\glm\detail</Filter>
    </None>
    <None Include="..\3rd\glm-1.0.1-light\glm\detail\type_mat2x2.inl">
      <Filter>3rd\glm\detail</Filter>
    </None>
    <None Include="..\3rd\glm-1.0.1-light\glm\detail\type_mat2x3.inl">
      <Filter>3rd\glm\detail</Filter>
    </None>
    <None Include="..\3rd\glm-1.0.1-light\glm\detail\type_mat2x4.inl">
      <Filter>3rd\glm\detail</Filter>
    </None>
    <None Include="..\3rd\glm-1.0.1-light\glm\detail\type_mat3x2.inl">
      <Filter>3rd\glm\detail</Filter>
    </None>
    <None Include="..\3rd\glm-1.0.1-light\glm\detail\type_mat3x3.inl">
      <Filter>3rd\glm\detail</Filter>
    </None>
    <None Include="..\3rd\glm-1.0.1-light\glm\detail\type_mat3x4.inl">
      <Filter>3rd\glm\detail</Filter>
    </None>
    <None Include="..\3rd\glm-1.0.1-light\glm\detail\type_mat4x2.inl">
      <Filter>3rd\glm\detail</Filter>
    </None>
    <None Include="..\3rd\glm-1.0.1-light\glm\detail\type_mat4x3.inl">
      <Filter>3rd\glm\detail</Filter>
    </None>
    <None Include="..\3rd\glm-1.0.1-light\glm\detail\type_mat4x4.inl">
      <Filter>3rd\glm\detail</Filter>
    </None>
    <None Include="..\3rd\glm-1.0.1-light\glm\detail\type_mat4x4_simd.inl">
      <Filter>3rd\glm\detail</Filter>
    </None>
    <None Include="..\3rd\glm-1.0.1-light\glm\detail\type_quat.inl">
      <Filter>3rd\glm\detail</Filter>
    </None>
    <None Include="..\3rd\glm-1.0.1-light\glm\detail\type_quat_simd.inl">
      <Filter>3rd\glm\detail</Filter>
    </None>
    <None Include="..\3rd\glm-1.0.1-light\glm\detail\type_vec1.inl">
      <Filter>3rd\glm\detail</Filter>
    </None>
    <None Include="..\3rd\glm-1.0.1-light\glm\detail\type_vec2.inl">
      <Filter>3rd\glm\detail</Filter>
    </None>
    <None Include="..\3rd\glm-1.0.1-light\glm\detail\type_vec3.inl">
      <Filter>3rd\glm\detail</Filter>
    </None>
    <None Include="..\3rd\glm-1.0.1-light\glm\detail\type_vec4.inl">
      <Filter>3rd\glm\detail</Filter>
    </None>
    <None Include="..\3rd\glm-1.0.1-light\glm\detail\type_vec4_simd.inl">
      <Filter>3rd\glm\detail</Filter>
    </None>
    <None Include="..\3rd\glm-1.0.1-light\glm\ext\matrix_clip_space.inl">
      <Filter>3rd\glm\ext</Filter>
    </None>
    <None Include="..\3rd\glm-1.0.1-light\glm\ext\matrix_common.inl">
      <Filter>3rd\glm\ext</Filter>
    </None>
    <None Include="..\3rd\glm-1.0.1-light\glm\ext\matrix_integer.inl">
      <Filter>3rd\glm\ext</Filter>
    </None>
    <None Include="..\3rd\glm-1.0.1-light\glm\ext\matrix_projection.inl">
      <Filter>3rd\glm\ext</Filter>
    </None>
    <None Include="..\3rd\glm-1.0.1-light\glm\ext\matrix_relational.inl">
      <Filter>3rd\glm\ext</Filter>
    </None>
    <None Include="..\3rd\glm-1.0.1-light\glm\ext\matrix_transform.inl">
      <Filter>3rd\glm\ext</Filter>
    </None>
    <None Include="..\3rd\glm-1.0.1-light\glm\ext\quaternion_common.inl">
      <Filter>3rd\glm\ext</Filter>
    </None>
    <None Include="..\3rd\glm-1.0.1-light\glm\ext\quaternion_common_simd.inl">
      <Filter>3rd\glm\ext</Filter>
    </None>
    <None Include="..\3rd\glm-1.0.1-light\glm\ext\quaternion_exponential.inl">
      <Filter>3rd\glm\ext</Filter>
    </None>
    <None Include="..\3rd\glm-1.0.1-light\glm\ext\quaternion_geometric.inl">
      <Filter>3rd\glm\ext</Filter>
    </None>
    <None Include="..\3rd\glm-1.0.1-light\glm\ext\quaternion_relational.inl">
      <Filter>3rd\glm\ext</Filter>
    </None>
    <None Include="..\3rd\glm-1.0.1-light\glm\ext\quaternion_transform.inl">
      <Filter>3rd\glm\ext</Filter>
    </None>
    <None Include="..\3rd\glm-1.0.1-light\glm\ext\quaternion_trigonometric.inl">
      <Filter>3rd\glm\ext</Filter>
    </None>
    <None Include="..\3rd\glm-1.0.1-light\glm\ext\scalar_common.inl">
      <Filter>3rd\glm\ext</Filter>
    </None>
    <None Include="..\3rd\glm-1.0.1-light\glm\ext\scalar_constants.inl">
      <Filter>3rd\glm\ext</Filter>
    </None>
    <None Include="..\3rd\glm-1.0.1-light\glm\ext\scalar_integer.inl">
      <Filter>3rd\glm\ext</Filter>
    </None>
    <None Include="..\3rd\glm-1.0.1-light\glm\ext\scalar_packing.inl">
      <Filter>3rd\glm\ext</Filter>
    </None>
    <None Include="..\3rd\glm-1.0.1-light\glm\ext\scalar_reciprocal.inl">
      <Filter>3rd\glm\ext</Filter>
    </None>
    <None Include="..\3rd\glm-1.0.1-light\glm\ext\scalar_relational.inl">
      <Filter>3rd\glm\ext</Filter>
    </None>
    <None Include="..\3rd\glm-1.0.1-light\glm\ext\scalar_ulp.inl">
      <Filter>3rd\glm\ext</Filter>
    </None>
    <None Include="..\3rd\glm-1.0.1-light\glm\ext\vector_common.inl">
      <Filter>3rd\glm\ext</Filter>
    </None>
    <None Include="..\3rd\glm-1.0.1-light\glm\ext\vector_integer.inl">
      <Filter>3rd\glm\ext</Filter>
    </None>
    <None Include="..\3rd\glm-1.0.1-light\glm\ext\vector_packing.inl">
      <Filter>3rd\glm\ext</Filter>
    </None>
    <None Include="..\3rd\glm-1.0.1-light\glm\ext\vector_reciprocal.inl">
      <Filter>3rd\glm\ext</Filter>
    </None>
    <None Include="..\3rd\glm-1.0.1-light\glm\ext\vector_relational.inl">
      <Filter>3rd\glm\ext</Filter>
    </None>
    <None Include="..\3rd\glm-1.0.1-light\glm\ext\vector_ulp.inl">
      <Filter>3rd\glm\ext</Filter>
    </None>
    <None Include="..\3rd\glm-1.0.1-light\glm\gtc\bitfield.inl">
      <Filter>3rd\glm\gtc</Filter>
    </None>
    <None Include="..\3rd\glm-1.0.1-light\glm\gtc\color_space.inl">
      <Filter>3rd\glm\gtc</Filter>
    </None>
    <None Include="..\3rd\glm-1.0.1-light\glm\gtc\constants.inl">
      <Filter>3rd\glm\gtc</Filter>
    </None>
    <None Include="..\3rd\glm-1.0.1-light\glm\gtc\epsilon.inl">
      <Filter>3rd\glm\gtc</Filter>
    </None>
    <None Include="..\3rd\glm-1.0.1-light\glm\gtc\integer.inl">
      <Filter>3rd\glm\gtc</Filter>
    </None>
    <None Include="..\3rd\glm-1.0.1-light\glm\gtc\matrix_access.inl">
      <Filter>3rd\glm\gtc</Filter>
    </None>
    <None Include="..\3rd\glm-1.0.1-light\glm\gtc\matrix_inverse.inl">
      <Filter>3rd\glm\gtc</Filter>
    </None>
    <None Include="..\3rd\glm-1.0.1-light\glm\gtc\matrix_transform.inl">
      <Filter>3rd\glm\gtc</Filter>
    </None>
    <None Include="..\3rd\glm-1.0.1-light\glm\gtc\noise.inl">
      <Filter>3rd\glm\gtc</Filter>
    </None>
    <None Include="..\3rd\glm-1.0.1-light\glm\gtc\packing.inl">
      <Filter>3rd\glm\gtc</Filter>
    </None>
    <None Include="..\3rd\glm-1.0.1-light\glm\gtc\quaternion.inl">
      <Filter>3rd\glm\gtc</Filter>
    </None>
    <None Include="..\3rd\glm-1.0.1-light\glm\gtc\quaternion_simd.inl">
      <Filter>3rd\glm\gtc</Filter>
    </None>
    <None Include="..\3rd\glm-1.0.1-light\glm\gtc\random.inl">
      <Filter>3rd\glm\gtc</Filter>
    </None>
    <None Include="..\3rd\glm-1.0.1-light\glm\gtc\round.inl">
      <Filter>3rd\glm\gtc</Filter>
    </None>
    <None Include="..\3rd\glm-1.0.1-light\glm\gtc\type_precision.inl">
      <Filter>3rd\glm\gtc</Filter>
    </None>
    <None Include="..\3rd\glm-1.0.1-light\glm\gtc\type_ptr.inl">
      <Filter>3rd\glm\gtc</Filter>
    </None>
    <None Include="..\3rd\glm-1.0.1-light\glm\gtc\ulp.inl">
      <Filter>3rd\glm\gtc</Filter>
    </None>
    <None Include="..\3rd\glm-1.0.1-light\glm\gtx\associated_min_max.inl">
      <Filter>3rd\glm\gtx</Filter>
    </None>
    <None Include="..\3rd\glm-1.0.1-light\glm\gtx\bit.inl">
      <Filter>3rd\glm\gtx</Filter>
    </None>
    <None Include="..\3rd\glm-1.0.1-light\glm\gtx\closest_point.inl">
      <Filter>3rd\glm\gtx</Filter>
    </None>
    <None Include="..\3rd\glm-1.0.1-light\glm\gtx\color_encoding.inl">
      <Filter>3rd\glm\gtx</Filter>
    </None>
    <None Include="..\3rd\glm-1.0.1-light\glm\gtx\color_space.inl">
      <Filter>3rd\glm\gtx</Filter>
    </None>
    <None Include="..\3rd\glm-1.0.1-light\glm\gtx\color_space_YCoCg.inl">
      <Filter>3rd\glm\gtx</Filter>
    </None>
    <None Include="..\3rd\glm-1.0.1-light\glm\gtx\common.inl">
      <Filter>3rd\glm\gtx</Filter>
    </None>
    <None Include="..\3rd\glm-1.0.1-light\glm\gtx\compatibility.inl">
      <Filter>3rd\glm\gtx</Filter>
    </None>
    <None Include="..\3rd\glm-1.0.1-light\glm\gtx\component_wise.inl">
      <Filter>3rd\glm\gtx</Filter>
    </None>
    <None Include="..\3rd\glm-1.0.1-light\glm\gtx\dual_quaternion.inl">
      <Filter>3rd\glm\gtx</Filter>
    </None>
    <None Include="..\3rd\glm-1.0.1-light\glm\gtx\easing.inl">
      <Filter>3rd\glm\gtx</Filter>
    </None>
    <None Include="..\3rd\glm-1.0.1-light\glm\gtx\euler_angles.inl">
      <Filter>3rd\glm\gtx</Filter>
    </None>
    <None Include="..\3rd\glm-1.0.1-light\glm\gtx\extend.inl">
      <Filter>3rd\glm\gtx</Filter>
    </None>
    <None Include="..\3rd\glm-1.0.1-light\glm\gtx\extended_min_max.inl">
      <Filter>3rd\glm\gtx</Filter>
    </None>
    <None Include="..\3rd\glm-1.0.1-light\glm\gtx\exterior_product.inl">
      <Filter>3rd\glm\gtx</Filter>
    </None>
    <None Include="..\3rd\glm-1.0.1-light\glm\gtx\fast_exponential.inl">
      <Filter>3rd\glm\gtx</Filter>
    </None>
    <None Include="..\3rd\glm-1.0.1-light\glm\gtx\fast_square_root.inl">
      <Filter>3rd\glm\gtx</Filter>
    </None>
    <None Include="..\3rd\glm-1.0.1-light\glm\gtx\fast_trigonometry.inl">
      <Filter>3rd\glm\gtx</Filter>
    </None>
    <None Include="..\3rd\glm-1.0.1-light\glm\gtx\float_notmalize.inl">
      <Filter>3rd\glm\gtx</Filter>
    </None>
    <None Include="..\3rd\glm-1.0.1-light\glm\gtx\functions.inl">
      <Filter>3rd\glm\gtx</Filter>
    </None>
    <None Include="..\3rd\glm-1.0.1-light\glm\gtx\gradient_paint.inl">
      <Filter>3rd\glm\gtx</Filter>
    </None>
    <None Include="..\3rd\glm-1.0.1-light\glm\gtx\handed_coordinate_space.inl">
      <Filter>3rd\glm\gtx</Filter>
    </None>
    <None Include="..\3rd\glm-1.0.1-light\glm\gtx\hash.inl">
      <Filter>3rd\glm\gtx</Filter>
    </None>
    <None Include="..\3rd\glm-1.0.1-light\glm\gtx\integer.inl">
      <Filter>3rd\glm\gtx</Filter>
    </None>
    <None Include="..\3rd\glm-1.0.1-light\glm\gtx\intersect.inl">
      <Filter>3rd\glm\gtx</Filter>
    </None>
    <None Include="..\3rd\glm-1.0.1-light\glm\gtx\io.inl">
      <Filter>3rd\glm\gtx</Filter>
    </None>
    <None Include="..\3rd\glm-1.0.1-light\glm\gtx\log_base.inl">
      <Filter>3rd\glm\gtx</Filter>
    </None>
    <None Include="..\3rd\glm-1.0.1-light\glm\gtx\matrix_cross_product.inl">
      <Filter>3rd\glm\gtx</Filter>
    </None>
    <None Include="..\3rd\glm-1.0.1-light\glm\gtx\matrix_decompose.inl">
      <Filter>3rd\glm\gtx</Filter>
    </None>
    <None Include="..\3rd\glm-1.0.1-light\glm\gtx\matrix_factorisation.inl">
      <Filter>3rd\glm\gtx</Filter>
    </None>
    <None Include="..\3rd\glm-1.0.1-light\glm\gtx\matrix_interpolation.inl">
      <Filter>3rd\glm\gtx</Filter>
    </None>
    <None Include="..\3rd\glm-1.0.1-light\glm\gtx\matrix_major_storage.inl">
      <Filter>3rd\glm\gtx</Filter>
    </None>
    <None Include="..\3rd\glm-1.0.1-light\glm\gtx\matrix_operation.inl">
      <Filter>3rd\glm\gtx</Filter>
    </None>
    <None Include="..\3rd\glm-1.0.1-light\glm\gtx\matrix_query.inl">
      <Filter>3rd\glm\gtx</Filter>
    </None>
    <None Include="..\3rd\glm-1.0.1-light\glm\gtx\matrix_transform_2d.inl">
      <Filter>3rd\glm\gtx</Filter>
    </None>
    <None Include="..\3rd\glm-1.0.1-light\glm\gtx\mixed_product.inl">
      <Filter>3rd\glm\gtx</Filter>
    </None>
    <None Include="..\3rd\glm-1.0.1-light\glm\gtx\norm.inl">
      <Filter>3rd\glm\gtx</Filter>
    </None>
    <None Include="..\3rd\glm-1.0.1-light\glm\gtx\normal.inl">
      <Filter>3rd\glm\gtx</Filter>
    </None>
    <None Include="..\3rd\glm-1.0.1-light\glm\gtx\normalize_dot.inl">
      <Filter>3rd\glm\gtx</Filter>
    </None>
    <None Include="..\3rd\glm-1.0.1-light\glm\gtx\optimum_pow.inl">
      <Filter>3rd\glm\gtx</Filter>
    </None>
    <None Include="..\3rd\glm-1.0.1-light\glm\gtx\orthonormalize.inl">
      <Filter>3rd\glm\gtx</Filter>
    </None>
    <None Include="..\3rd\glm-1.0.1-light\glm\gtx\pca.inl">
      <Filter>3rd\glm\gtx</Filter>
    </None>
    <None Include="..\3rd\glm-1.0.1-light\glm\gtx\perpendicular.inl">
      <Filter>3rd\glm\gtx</Filter>
    </None>
    <None Include="..\3rd\glm-1.0.1-light\glm\gtx\polar_coordinates.inl">
      <Filter>3rd\glm\gtx</Filter>
    </None>
    <None Include="..\3rd\glm-1.0.1-light\glm\gtx\projection.inl">
      <Filter>3rd\glm\gtx</Filter>
    </None>
    <None Include="..\3rd\glm-1.0.1-light\glm\gtx\quaternion.inl">
      <Filter>3rd\glm\gtx</Filter>
    </None>
    <None Include="..\3rd\glm-1.0.1-light\glm\gtx\raw_data.inl">
      <Filter>3rd\glm\gtx</Filter>
    </None>
    <None Include="..\3rd\glm-1.0.1-light\glm\gtx\rotate_normalized_axis.inl">
      <Filter>3rd\glm\gtx</Filter>
    </None>
    <None Include="..\3rd\glm-1.0.1-light\glm\gtx\rotate_vector.inl">
      <Filter>3rd\glm\gtx</Filter>
    </None>
    <None Include="..\3rd\glm-1.0.1-light\glm\gtx\scalar_relational.inl">
      <Filter>3rd\glm\gtx</Filter>
    </None>
    <None Include="..\3rd\glm-1.0.1-light\glm\gtx\spline.inl">
      <Filter>3rd\glm\gtx</Filter>
    </None>
    <None Include="..\3rd\glm-1.0.1-light\glm\gtx\std_based_type.inl">
      <Filter>3rd\glm\gtx</Filter>
    </None>
    <None Include="..\3rd\glm-1.0.1-light\glm\gtx\string_cast.inl">
      <Filter>3rd\glm\gtx</Filter>
    </None>
    <None Include="..\3rd\glm-1.0.1-light\glm\gtx\texture.inl">
      <Filter>3rd\glm\gtx</Filter>
    </None>
    <None Include="..\3rd\glm-1.0.1-light\glm\gtx\transform.inl">
      <Filter>3rd\glm\gtx</Filter>
    </None>
    <None Include="..\3rd\glm-1.0.1-light\glm\gtx\transform2.inl">
      <Filter>3rd\glm\gtx</Filter>
    </None>
    <None Include="..\3rd\glm-1.0.1-light\glm\gtx\type_aligned.inl">
      <Filter>3rd\glm\gtx</Filter>
    </None>
    <None Include="..\3rd\glm-1.0.1-light\glm\gtx\type_trait.inl">
      <Filter>3rd\glm\gtx</Filter>
    </None>
    <None Include="..\3rd\glm-1.0.1-light\glm\gtx\vector_angle.inl">
      <Filter>3rd\glm\gtx</Filter>
    </None>
    <None Include="..\3rd\glm-1.0.1-light\glm\gtx\vector_query.inl">
      <Filter>3rd\glm\gtx</Filter>
    </None>
    <None Include="..\3rd\glm-1.0.1-light\glm\gtx\wrap.inl">
      <Filter>3rd\glm\gtx</Filter>
    </None>
  </ItemGroup>
  <ItemGroup>
    <Text Include="..\3rd\glm-1.0.1-light\glm\CMakeLists.txt">
      <Filter>3rd\glm</Filter>
    </Text>
    <Text Include="..\3rd\glm-1.0.1-light\glm\copying.txt">
      <Filter>3rd\glm</Filter>
    </Text>
  </ItemGroup>
</Project>